
Microsoft Visual Studio Solution File, Format Version 12.00
# Visual Studio 2012
Project("{8BC9CEB8-8B4A-11D0-8D11-00A0C91BC942}") = "ChatAnim", "ChatAnim\ChatAnim.vcxproj", "{66241E9F-A395-4DE9-9AE2-70BE325DABFE}"
EndProject
Global
	GlobalSection(SolutionConfigurationPlatforms) = preSolution
		Debug|Win32 = Debug|Win32
		Release|Win32 = Release|Win32
	EndGlobalSection
	GlobalSection(ProjectConfigurationPlatforms) = postSolution
		{66241E9F-A395-4DE9-9AE2-70BE325DABFE}.Debug|Win32.ActiveCfg = Debug|Win32
		{66241E9F-A395-4DE9-9AE2-70BE325DABFE}.Debug|Win32.Build.0 = Debug|Win32
		{66241E9F-A395-4DE9-9AE2-70BE325DABFE}.Release|Win32.ActiveCfg = Release|Win32
		{66241E9F-A395-4DE9-9AE2-70BE325DABFE}.Release|Win32.Build.0 = Release|Win32
	EndGlobalSection
	GlobalSection(SolutionProperties) = preSolution
		HideSolutionNode = FALSE
	EndGlobalSection
EndGlobal
