<?xml version="1.0" encoding="utf-8"?>
<Project ToolsVersion="4.0" xmlns="http://schemas.microsoft.com/developer/msbuild/2003">
  <ItemGroup>
    <Filter Include="ソース ファイル">
      <UniqueIdentifier>{4FC737F1-C7A5-4376-A066-2A32D752A2FF}</UniqueIdentifier>
      <Extensions>cpp;c;cc;cxx;def;odl;idl;hpj;bat;asm;asmx</Extensions>
    </Filter>
    <Filter Include="ヘッダー ファイル">
      <UniqueIdentifier>{93995380-89BD-4b04-88EB-625FBE52EBFB}</UniqueIdentifier>
      <Extensions>h;hh;hpp;hxx;hm;inl;inc;xsd</Extensions>
    </Filter>
    <Filter Include="リソース ファイル">
      <UniqueIdentifier>{67DA6AB6-F800-4c08-8B7A-83BB121AAD01}</UniqueIdentifier>
      <Extensions>rc;ico;cur;bmp;dlg;rc2;rct;bin;rgs;gif;jpg;jpeg;jpe;resx;tiff;tif;png;wav;mfcribbon-ms</Extensions>
    </Filter>
    <Filter Include="Bullet">
      <UniqueIdentifier>{f16445e7-a029-4270-bb0b-51573c44d467}</UniqueIdentifier>
    </Filter>
    <Filter Include="BulletMT">
      <UniqueIdentifier>{bf8ebf23-183c-46d3-860a-08512bd8dd6e}</UniqueIdentifier>
    </Filter>
    <Filter Include="BulletSrc">
      <UniqueIdentifier>{d3bdf2f3-8d32-4d88-92c0-6389d7e57e63}</UniqueIdentifier>
    </Filter>
    <Filter Include="disp4">
      <UniqueIdentifier>{075be777-cf3c-4e74-b2cb-7cb03ea2c42a}</UniqueIdentifier>
    </Filter>
  </ItemGroup>
  <ItemGroup>
    <Text Include="ReadMe.txt" />
  </ItemGroup>
  <ItemGroup>
    <ClCompile Include="..\BTMANAGER\BPWorld.cpp">
      <Filter>Bullet</Filter>
    </ClCompile>
    <ClCompile Include="..\examples\MultiThreadedDemo\CommonRigidBodyMTBase.cpp">
      <Filter>BulletMT</Filter>
    </ClCompile>
    <ClCompile Include="..\BTSRC\BulletCollision\BroadphaseCollision\btAxisSweep3.cpp">
      <Filter>BulletSrc</Filter>
    </ClCompile>
    <ClCompile Include="..\BTSRC\BulletCollision\BroadphaseCollision\btBroadphaseProxy.cpp">
      <Filter>BulletSrc</Filter>
    </ClCompile>
    <ClCompile Include="..\BTSRC\BulletCollision\BroadphaseCollision\btCollisionAlgorithm.cpp">
      <Filter>BulletSrc</Filter>
    </ClCompile>
    <ClCompile Include="..\BTSRC\BulletCollision\BroadphaseCollision\btDbvt.cpp">
      <Filter>BulletSrc</Filter>
    </ClCompile>
    <ClCompile Include="..\BTSRC\BulletCollision\BroadphaseCollision\btDbvtBroadphase.cpp">
      <Filter>BulletSrc</Filter>
    </ClCompile>
    <ClCompile Include="..\BTSRC\BulletCollision\BroadphaseCollision\btDispatcher.cpp">
      <Filter>BulletSrc</Filter>
    </ClCompile>
    <ClCompile Include="..\BTSRC\BulletCollision\BroadphaseCollision\btOverlappingPairCache.cpp">
      <Filter>BulletSrc</Filter>
    </ClCompile>
    <ClCompile Include="..\BTSRC\BulletCollision\BroadphaseCollision\btQuantizedBvh.cpp">
      <Filter>BulletSrc</Filter>
    </ClCompile>
    <ClCompile Include="..\BTSRC\BulletCollision\BroadphaseCollision\btSimpleBroadphase.cpp">
      <Filter>BulletSrc</Filter>
    </ClCompile>
    <ClCompile Include="..\BTSRC\BulletCollision\CollisionDispatch\btActivatingCollisionAlgorithm.cpp">
      <Filter>BulletSrc</Filter>
    </ClCompile>
    <ClCompile Include="..\BTSRC\BulletCollision\CollisionDispatch\btBox2dBox2dCollisionAlgorithm.cpp">
      <Filter>BulletSrc</Filter>
    </ClCompile>
    <ClCompile Include="..\BTSRC\BulletCollision\CollisionDispatch\btBoxBoxCollisionAlgorithm.cpp">
      <Filter>BulletSrc</Filter>
    </ClCompile>
    <ClCompile Include="..\BTSRC\BulletCollision\CollisionDispatch\btBoxBoxDetector.cpp">
      <Filter>BulletSrc</Filter>
    </ClCompile>
    <ClCompile Include="..\BTSRC\BulletCollision\CollisionDispatch\btCollisionDispatcher.cpp">
      <Filter>BulletSrc</Filter>
    </ClCompile>
    <ClCompile Include="..\BTSRC\BulletCollision\CollisionDispatch\btCollisionObject.cpp">
      <Filter>BulletSrc</Filter>
    </ClCompile>
    <ClCompile Include="..\BTSRC\BulletCollision\CollisionDispatch\btCollisionWorld.cpp">
      <Filter>BulletSrc</Filter>
    </ClCompile>
    <ClCompile Include="..\BTSRC\BulletCollision\CollisionDispatch\btCollisionWorldImporter.cpp">
      <Filter>BulletSrc</Filter>
    </ClCompile>
    <ClCompile Include="..\BTSRC\BulletCollision\CollisionDispatch\btCompoundCollisionAlgorithm.cpp">
      <Filter>BulletSrc</Filter>
    </ClCompile>
    <ClCompile Include="..\BTSRC\BulletCollision\CollisionDispatch\btCompoundCompoundCollisionAlgorithm.cpp">
      <Filter>BulletSrc</Filter>
    </ClCompile>
    <ClCompile Include="..\BTSRC\BulletCollision\CollisionDispatch\btConvex2dConvex2dAlgorithm.cpp">
      <Filter>BulletSrc</Filter>
    </ClCompile>
    <ClCompile Include="..\BTSRC\BulletCollision\CollisionDispatch\btConvexConcaveCollisionAlgorithm.cpp">
      <Filter>BulletSrc</Filter>
    </ClCompile>
    <ClCompile Include="..\BTSRC\BulletCollision\CollisionDispatch\btConvexConvexAlgorithm.cpp">
      <Filter>BulletSrc</Filter>
    </ClCompile>
    <ClCompile Include="..\BTSRC\BulletCollision\CollisionDispatch\btConvexPlaneCollisionAlgorithm.cpp">
      <Filter>BulletSrc</Filter>
    </ClCompile>
    <ClCompile Include="..\BTSRC\BulletCollision\CollisionDispatch\btDefaultCollisionConfiguration.cpp">
      <Filter>BulletSrc</Filter>
    </ClCompile>
    <ClCompile Include="..\BTSRC\BulletCollision\CollisionDispatch\btEmptyCollisionAlgorithm.cpp">
      <Filter>BulletSrc</Filter>
    </ClCompile>
    <ClCompile Include="..\BTSRC\BulletCollision\CollisionDispatch\btGhostObject.cpp">
      <Filter>BulletSrc</Filter>
    </ClCompile>
    <ClCompile Include="..\BTSRC\BulletCollision\CollisionDispatch\btHashedSimplePairCache.cpp">
      <Filter>BulletSrc</Filter>
    </ClCompile>
    <ClCompile Include="..\BTSRC\BulletCollision\CollisionDispatch\btInternalEdgeUtility.cpp">
      <Filter>BulletSrc</Filter>
    </ClCompile>
    <ClCompile Include="..\BTSRC\BulletCollision\CollisionDispatch\btManifoldResult.cpp">
      <Filter>BulletSrc</Filter>
    </ClCompile>
    <ClCompile Include="..\BTSRC\BulletCollision\CollisionDispatch\btSimulationIslandManager.cpp">
      <Filter>BulletSrc</Filter>
    </ClCompile>
    <ClCompile Include="..\BTSRC\BulletCollision\CollisionDispatch\btSphereBoxCollisionAlgorithm.cpp">
      <Filter>BulletSrc</Filter>
    </ClCompile>
    <ClCompile Include="..\BTSRC\BulletCollision\CollisionDispatch\btSphereSphereCollisionAlgorithm.cpp">
      <Filter>BulletSrc</Filter>
    </ClCompile>
    <ClCompile Include="..\BTSRC\BulletCollision\CollisionDispatch\btSphereTriangleCollisionAlgorithm.cpp">
      <Filter>BulletSrc</Filter>
    </ClCompile>
    <ClCompile Include="..\BTSRC\BulletCollision\CollisionDispatch\btUnionFind.cpp">
      <Filter>BulletSrc</Filter>
    </ClCompile>
    <ClCompile Include="..\BTSRC\BulletCollision\CollisionDispatch\SphereTriangleDetector.cpp">
      <Filter>BulletSrc</Filter>
    </ClCompile>
    <ClCompile Include="..\BTSRC\BulletCollision\CollisionShapes\btBox2dShape.cpp">
      <Filter>BulletSrc</Filter>
    </ClCompile>
    <ClCompile Include="..\BTSRC\BulletCollision\CollisionShapes\btBoxShape.cpp">
      <Filter>BulletSrc</Filter>
    </ClCompile>
    <ClCompile Include="..\BTSRC\BulletCollision\CollisionShapes\btBvhTriangleMeshShape.cpp">
      <Filter>BulletSrc</Filter>
    </ClCompile>
    <ClCompile Include="..\BTSRC\BulletCollision\CollisionShapes\btCapsuleShape.cpp">
      <Filter>BulletSrc</Filter>
    </ClCompile>
    <ClCompile Include="..\BTSRC\BulletCollision\CollisionShapes\btCollisionShape.cpp">
      <Filter>BulletSrc</Filter>
    </ClCompile>
    <ClCompile Include="..\BTSRC\BulletCollision\CollisionShapes\btCompoundShape.cpp">
      <Filter>BulletSrc</Filter>
    </ClCompile>
    <ClCompile Include="..\BTSRC\BulletCollision\CollisionShapes\btConcaveShape.cpp">
      <Filter>BulletSrc</Filter>
    </ClCompile>
    <ClCompile Include="..\BTSRC\BulletCollision\CollisionShapes\btConeShape.cpp">
      <Filter>BulletSrc</Filter>
    </ClCompile>
    <ClCompile Include="..\BTSRC\BulletCollision\CollisionShapes\btConvex2dShape.cpp">
      <Filter>BulletSrc</Filter>
    </ClCompile>
    <ClCompile Include="..\BTSRC\BulletCollision\CollisionShapes\btConvexHullShape.cpp">
      <Filter>BulletSrc</Filter>
    </ClCompile>
    <ClCompile Include="..\BTSRC\BulletCollision\CollisionShapes\btConvexInternalShape.cpp">
      <Filter>BulletSrc</Filter>
    </ClCompile>
    <ClCompile Include="..\BTSRC\BulletCollision\CollisionShapes\btConvexPointCloudShape.cpp">
      <Filter>BulletSrc</Filter>
    </ClCompile>
    <ClCompile Include="..\BTSRC\BulletCollision\CollisionShapes\btConvexPolyhedron.cpp">
      <Filter>BulletSrc</Filter>
    </ClCompile>
    <ClCompile Include="..\BTSRC\BulletCollision\CollisionShapes\btConvexShape.cpp">
      <Filter>BulletSrc</Filter>
    </ClCompile>
    <ClCompile Include="..\BTSRC\BulletCollision\CollisionShapes\btConvexTriangleMeshShape.cpp">
      <Filter>BulletSrc</Filter>
    </ClCompile>
    <ClCompile Include="..\BTSRC\BulletCollision\CollisionShapes\btCylinderShape.cpp">
      <Filter>BulletSrc</Filter>
    </ClCompile>
    <ClCompile Include="..\BTSRC\BulletCollision\CollisionShapes\btEmptyShape.cpp">
      <Filter>BulletSrc</Filter>
    </ClCompile>
    <ClCompile Include="..\BTSRC\BulletCollision\CollisionShapes\btHeightfieldTerrainShape.cpp">
      <Filter>BulletSrc</Filter>
    </ClCompile>
    <ClCompile Include="..\BTSRC\BulletCollision\CollisionShapes\btMinkowskiSumShape.cpp">
      <Filter>BulletSrc</Filter>
    </ClCompile>
    <ClCompile Include="..\BTSRC\BulletCollision\CollisionShapes\btMultimaterialTriangleMeshShape.cpp">
      <Filter>BulletSrc</Filter>
    </ClCompile>
    <ClCompile Include="..\BTSRC\BulletCollision\CollisionShapes\btMultiSphereShape.cpp">
      <Filter>BulletSrc</Filter>
    </ClCompile>
    <ClCompile Include="..\BTSRC\BulletCollision\CollisionShapes\btOptimizedBvh.cpp">
      <Filter>BulletSrc</Filter>
    </ClCompile>
    <ClCompile Include="..\BTSRC\BulletCollision\CollisionShapes\btPolyhedralConvexShape.cpp">
      <Filter>BulletSrc</Filter>
    </ClCompile>
    <ClCompile Include="..\BTSRC\BulletCollision\CollisionShapes\btScaledBvhTriangleMeshShape.cpp">
      <Filter>BulletSrc</Filter>
    </ClCompile>
    <ClCompile Include="..\BTSRC\BulletCollision\CollisionShapes\btShapeHull.cpp">
      <Filter>BulletSrc</Filter>
    </ClCompile>
    <ClCompile Include="..\BTSRC\BulletCollision\CollisionShapes\btSphereShape.cpp">
      <Filter>BulletSrc</Filter>
    </ClCompile>
    <ClCompile Include="..\BTSRC\BulletCollision\CollisionShapes\btStaticPlaneShape.cpp">
      <Filter>BulletSrc</Filter>
    </ClCompile>
    <ClCompile Include="..\BTSRC\BulletCollision\CollisionShapes\btStridingMeshInterface.cpp">
      <Filter>BulletSrc</Filter>
    </ClCompile>
    <ClCompile Include="..\BTSRC\BulletCollision\CollisionShapes\btTetrahedronShape.cpp">
      <Filter>BulletSrc</Filter>
    </ClCompile>
    <ClCompile Include="..\BTSRC\BulletCollision\CollisionShapes\btTriangleBuffer.cpp">
      <Filter>BulletSrc</Filter>
    </ClCompile>
    <ClCompile Include="..\BTSRC\BulletCollision\CollisionShapes\btTriangleCallback.cpp">
      <Filter>BulletSrc</Filter>
    </ClCompile>
    <ClCompile Include="..\BTSRC\BulletCollision\CollisionShapes\btTriangleIndexVertexArray.cpp">
      <Filter>BulletSrc</Filter>
    </ClCompile>
    <ClCompile Include="..\BTSRC\BulletCollision\CollisionShapes\btTriangleIndexVertexMaterialArray.cpp">
      <Filter>BulletSrc</Filter>
    </ClCompile>
    <ClCompile Include="..\BTSRC\BulletCollision\CollisionShapes\btTriangleMesh.cpp">
      <Filter>BulletSrc</Filter>
    </ClCompile>
    <ClCompile Include="..\BTSRC\BulletCollision\CollisionShapes\btTriangleMeshShape.cpp">
      <Filter>BulletSrc</Filter>
    </ClCompile>
    <ClCompile Include="..\BTSRC\BulletCollision\CollisionShapes\btUniformScalingShape.cpp">
      <Filter>BulletSrc</Filter>
    </ClCompile>
    <ClCompile Include="..\BTSRC\BulletCollision\Gimpact\btContactProcessing.cpp">
      <Filter>BulletSrc</Filter>
    </ClCompile>
    <ClCompile Include="..\BTSRC\BulletCollision\Gimpact\btGenericPoolAllocator.cpp">
      <Filter>BulletSrc</Filter>
    </ClCompile>
    <ClCompile Include="..\BTSRC\BulletCollision\Gimpact\btGImpactBvh.cpp">
      <Filter>BulletSrc</Filter>
    </ClCompile>
    <ClCompile Include="..\BTSRC\BulletCollision\Gimpact\btGImpactCollisionAlgorithm.cpp">
      <Filter>BulletSrc</Filter>
    </ClCompile>
    <ClCompile Include="..\BTSRC\BulletCollision\Gimpact\btGImpactQuantizedBvh.cpp">
      <Filter>BulletSrc</Filter>
    </ClCompile>
    <ClCompile Include="..\BTSRC\BulletCollision\Gimpact\btGImpactShape.cpp">
      <Filter>BulletSrc</Filter>
    </ClCompile>
    <ClCompile Include="..\BTSRC\BulletCollision\Gimpact\btTriangleShapeEx.cpp">
      <Filter>BulletSrc</Filter>
    </ClCompile>
    <ClCompile Include="..\BTSRC\BulletCollision\Gimpact\gim_box_set.cpp">
      <Filter>BulletSrc</Filter>
    </ClCompile>
    <ClCompile Include="..\BTSRC\BulletCollision\Gimpact\gim_contact.cpp">
      <Filter>BulletSrc</Filter>
    </ClCompile>
    <ClCompile Include="..\BTSRC\BulletCollision\Gimpact\gim_memory.cpp">
      <Filter>BulletSrc</Filter>
    </ClCompile>
    <ClCompile Include="..\BTSRC\BulletCollision\Gimpact\gim_tri_collision.cpp">
      <Filter>BulletSrc</Filter>
    </ClCompile>
    <ClCompile Include="..\BTSRC\BulletCollision\NarrowPhaseCollision\btContinuousConvexCollision.cpp">
      <Filter>BulletSrc</Filter>
    </ClCompile>
    <ClCompile Include="..\BTSRC\BulletCollision\NarrowPhaseCollision\btConvexCast.cpp">
      <Filter>BulletSrc</Filter>
    </ClCompile>
    <ClCompile Include="..\BTSRC\BulletCollision\NarrowPhaseCollision\btGjkConvexCast.cpp">
      <Filter>BulletSrc</Filter>
    </ClCompile>
    <ClCompile Include="..\BTSRC\BulletCollision\NarrowPhaseCollision\btGjkEpa2.cpp">
      <Filter>BulletSrc</Filter>
    </ClCompile>
    <ClCompile Include="..\BTSRC\BulletCollision\NarrowPhaseCollision\btGjkEpaPenetrationDepthSolver.cpp">
      <Filter>BulletSrc</Filter>
    </ClCompile>
    <ClCompile Include="..\BTSRC\BulletCollision\NarrowPhaseCollision\btGjkPairDetector.cpp">
      <Filter>BulletSrc</Filter>
    </ClCompile>
    <ClCompile Include="..\BTSRC\BulletCollision\NarrowPhaseCollision\btMinkowskiPenetrationDepthSolver.cpp">
      <Filter>BulletSrc</Filter>
    </ClCompile>
    <ClCompile Include="..\BTSRC\BulletCollision\NarrowPhaseCollision\btPersistentManifold.cpp">
      <Filter>BulletSrc</Filter>
    </ClCompile>
    <ClCompile Include="..\BTSRC\BulletCollision\NarrowPhaseCollision\btPolyhedralContactClipping.cpp">
      <Filter>BulletSrc</Filter>
    </ClCompile>
    <ClCompile Include="..\BTSRC\BulletCollision\NarrowPhaseCollision\btRaycastCallback.cpp">
      <Filter>BulletSrc</Filter>
    </ClCompile>
    <ClCompile Include="..\BTSRC\BulletCollision\NarrowPhaseCollision\btSubSimplexConvexCast.cpp">
      <Filter>BulletSrc</Filter>
    </ClCompile>
    <ClCompile Include="..\BTSRC\BulletCollision\NarrowPhaseCollision\btVoronoiSimplexSolver.cpp">
      <Filter>BulletSrc</Filter>
    </ClCompile>
    <ClCompile Include="..\BTSRC\BulletDynamics\Character\btKinematicCharacterController.cpp">
      <Filter>BulletSrc</Filter>
    </ClCompile>
    <ClCompile Include="..\BTSRC\BulletDynamics\ConstraintSolver\btConeTwistConstraint.cpp">
      <Filter>BulletSrc</Filter>
    </ClCompile>
    <ClCompile Include="..\BTSRC\BulletDynamics\ConstraintSolver\btContactConstraint.cpp">
      <Filter>BulletSrc</Filter>
    </ClCompile>
    <ClCompile Include="..\BTSRC\BulletDynamics\ConstraintSolver\btFixedConstraint.cpp">
      <Filter>BulletSrc</Filter>
    </ClCompile>
    <ClCompile Include="..\BTSRC\BulletDynamics\ConstraintSolver\btGearConstraint.cpp">
      <Filter>BulletSrc</Filter>
    </ClCompile>
    <ClCompile Include="..\BTSRC\BulletDynamics\ConstraintSolver\btGeneric6DofConstraint.cpp">
      <Filter>BulletSrc</Filter>
    </ClCompile>
    <ClCompile Include="..\BTSRC\BulletDynamics\ConstraintSolver\btGeneric6DofSpring2Constraint.cpp">
      <Filter>BulletSrc</Filter>
    </ClCompile>
    <ClCompile Include="..\BTSRC\BulletDynamics\ConstraintSolver\btGeneric6DofSpringConstraint.cpp">
      <Filter>BulletSrc</Filter>
    </ClCompile>
    <ClCompile Include="..\BTSRC\BulletDynamics\ConstraintSolver\btHinge2Constraint.cpp">
      <Filter>BulletSrc</Filter>
    </ClCompile>
    <ClCompile Include="..\BTSRC\BulletDynamics\ConstraintSolver\btHingeConstraint.cpp">
      <Filter>BulletSrc</Filter>
    </ClCompile>
    <ClCompile Include="..\BTSRC\BulletDynamics\ConstraintSolver\btNNCGConstraintSolver.cpp">
      <Filter>BulletSrc</Filter>
    </ClCompile>
    <ClCompile Include="..\BTSRC\BulletDynamics\ConstraintSolver\btPoint2PointConstraint.cpp">
      <Filter>BulletSrc</Filter>
    </ClCompile>
    <ClCompile Include="..\BTSRC\BulletDynamics\ConstraintSolver\btSequentialImpulseConstraintSolver.cpp">
      <Filter>BulletSrc</Filter>
    </ClCompile>
    <ClCompile Include="..\BTSRC\BulletDynamics\ConstraintSolver\btSliderConstraint.cpp">
      <Filter>BulletSrc</Filter>
    </ClCompile>
    <ClCompile Include="..\BTSRC\BulletDynamics\ConstraintSolver\btSolve2LinearConstraint.cpp">
      <Filter>BulletSrc</Filter>
    </ClCompile>
    <ClCompile Include="..\BTSRC\BulletDynamics\ConstraintSolver\btTypedConstraint.cpp">
      <Filter>BulletSrc</Filter>
    </ClCompile>
    <ClCompile Include="..\BTSRC\BulletDynamics\ConstraintSolver\btUniversalConstraint.cpp">
      <Filter>BulletSrc</Filter>
    </ClCompile>
    <ClCompile Include="..\BTSRC\BulletDynamics\Dynamics\btDiscreteDynamicsWorld.cpp">
      <Filter>BulletSrc</Filter>
    </ClCompile>
    <ClCompile Include="..\BTSRC\BulletDynamics\Dynamics\btDiscreteDynamicsWorldMt.cpp">
      <Filter>BulletSrc</Filter>
    </ClCompile>
    <ClCompile Include="..\BTSRC\BulletDynamics\Dynamics\btRigidBody.cpp">
      <Filter>BulletSrc</Filter>
    </ClCompile>
    <ClCompile Include="..\BTSRC\BulletDynamics\Dynamics\btSimpleDynamicsWorld.cpp">
      <Filter>BulletSrc</Filter>
    </ClCompile>
    <ClCompile Include="..\BTSRC\BulletDynamics\Dynamics\btSimulationIslandManagerMt.cpp">
      <Filter>BulletSrc</Filter>
    </ClCompile>
    <ClCompile Include="..\BTSRC\BulletDynamics\Featherstone\btMultiBody.cpp">
      <Filter>BulletSrc</Filter>
    </ClCompile>
    <ClCompile Include="..\BTSRC\BulletDynamics\Featherstone\btMultiBodyConstraint.cpp">
      <Filter>BulletSrc</Filter>
    </ClCompile>
    <ClCompile Include="..\BTSRC\BulletDynamics\Featherstone\btMultiBodyConstraintSolver.cpp">
      <Filter>BulletSrc</Filter>
    </ClCompile>
    <ClCompile Include="..\BTSRC\BulletDynamics\Featherstone\btMultiBodyDynamicsWorld.cpp">
      <Filter>BulletSrc</Filter>
    </ClCompile>
    <ClCompile Include="..\BTSRC\BulletDynamics\Featherstone\btMultiBodyFixedConstraint.cpp">
      <Filter>BulletSrc</Filter>
    </ClCompile>
    <ClCompile Include="..\BTSRC\BulletDynamics\Featherstone\btMultiBodyJointLimitConstraint.cpp">
      <Filter>BulletSrc</Filter>
    </ClCompile>
    <ClCompile Include="..\BTSRC\BulletDynamics\Featherstone\btMultiBodyJointMotor.cpp">
      <Filter>BulletSrc</Filter>
    </ClCompile>
    <ClCompile Include="..\BTSRC\BulletDynamics\Featherstone\btMultiBodyPoint2Point.cpp">
      <Filter>BulletSrc</Filter>
    </ClCompile>
    <ClCompile Include="..\BTSRC\BulletDynamics\Featherstone\btMultiBodySliderConstraint.cpp">
      <Filter>BulletSrc</Filter>
    </ClCompile>
    <ClCompile Include="..\BTSRC\BulletDynamics\MLCPSolvers\btDantzigLCP.cpp">
      <Filter>BulletSrc</Filter>
    </ClCompile>
    <ClCompile Include="..\BTSRC\BulletDynamics\MLCPSolvers\btLemkeAlgorithm.cpp">
      <Filter>BulletSrc</Filter>
    </ClCompile>
    <ClCompile Include="..\BTSRC\BulletDynamics\MLCPSolvers\btMLCPSolver.cpp">
      <Filter>BulletSrc</Filter>
    </ClCompile>
    <ClCompile Include="..\BTSRC\BulletDynamics\Vehicle\btRaycastVehicle.cpp">
      <Filter>BulletSrc</Filter>
    </ClCompile>
    <ClCompile Include="..\BTSRC\BulletDynamics\Vehicle\btWheelInfo.cpp">
      <Filter>BulletSrc</Filter>
    </ClCompile>
    <ClCompile Include="..\BTSRC\BulletSoftBody\btDefaultSoftBodySolver.cpp">
      <Filter>BulletSrc</Filter>
    </ClCompile>
    <ClCompile Include="..\BTSRC\BulletSoftBody\btSoftBody.cpp">
      <Filter>BulletSrc</Filter>
    </ClCompile>
    <ClCompile Include="..\BTSRC\BulletSoftBody\btSoftBodyConcaveCollisionAlgorithm.cpp">
      <Filter>BulletSrc</Filter>
    </ClCompile>
    <ClCompile Include="..\BTSRC\BulletSoftBody\btSoftBodyHelpers.cpp">
      <Filter>BulletSrc</Filter>
    </ClCompile>
    <ClCompile Include="..\BTSRC\BulletSoftBody\btSoftBodyRigidBodyCollisionConfiguration.cpp">
      <Filter>BulletSrc</Filter>
    </ClCompile>
    <ClCompile Include="..\BTSRC\BulletSoftBody\btSoftMultiBodyDynamicsWorld.cpp">
      <Filter>BulletSrc</Filter>
    </ClCompile>
    <ClCompile Include="..\BTSRC\BulletSoftBody\btSoftRigidCollisionAlgorithm.cpp">
      <Filter>BulletSrc</Filter>
    </ClCompile>
    <ClCompile Include="..\BTSRC\BulletSoftBody\btSoftRigidDynamicsWorld.cpp">
      <Filter>BulletSrc</Filter>
    </ClCompile>
    <ClCompile Include="..\BTSRC\BulletSoftBody\btSoftSoftCollisionAlgorithm.cpp">
      <Filter>BulletSrc</Filter>
    </ClCompile>
    <ClCompile Include="..\BTSRC\LinearMath\btAlignedAllocator.cpp">
      <Filter>BulletSrc</Filter>
    </ClCompile>
    <ClCompile Include="..\BTSRC\LinearMath\btConvexHull.cpp">
      <Filter>BulletSrc</Filter>
    </ClCompile>
    <ClCompile Include="..\BTSRC\LinearMath\btConvexHullComputer.cpp">
      <Filter>BulletSrc</Filter>
    </ClCompile>
    <ClCompile Include="..\BTSRC\LinearMath\btGeometryUtil.cpp">
      <Filter>BulletSrc</Filter>
    </ClCompile>
    <ClCompile Include="..\BTSRC\LinearMath\btPolarDecomposition.cpp">
      <Filter>BulletSrc</Filter>
    </ClCompile>
    <ClCompile Include="..\BTSRC\LinearMath\btQuickprof.cpp">
      <Filter>BulletSrc</Filter>
    </ClCompile>
    <ClCompile Include="..\BTSRC\LinearMath\btSerializer.cpp">
      <Filter>BulletSrc</Filter>
    </ClCompile>
    <ClCompile Include="..\BTSRC\LinearMath\btThreads.cpp">
      <Filter>BulletSrc</Filter>
    </ClCompile>
    <ClCompile Include="..\BTSRC\LinearMath\btVector3.cpp">
      <Filter>BulletSrc</Filter>
    </ClCompile>
    <ClCompile Include="..\CPP\BntFile.cpp">
      <Filter>disp4</Filter>
    </ClCompile>
    <ClCompile Include="..\CPP\Bone.cpp">
      <Filter>disp4</Filter>
    </ClCompile>
    <ClCompile Include="..\CPP\BVHelem.cpp">
      <Filter>disp4</Filter>
    </ClCompile>
    <ClCompile Include="..\CPP\BVHFile.cpp">
      <Filter>disp4</Filter>
    </ClCompile>
    <ClCompile Include="..\CPP\ChaFile.cpp">
      <Filter>disp4</Filter>
    </ClCompile>
    <ClCompile Include="..\CPP\ChaVecCalc.cpp">
      <Filter>disp4</Filter>
    </ClCompile>
    <ClCompile Include="..\CPP\Collision.cpp">
      <Filter>disp4</Filter>
    </ClCompile>
    <ClCompile Include="..\CPP\dbg.cpp">
      <Filter>disp4</Filter>
    </ClCompile>
    <ClCompile Include="..\CPP\DispObj.cpp">
      <Filter>disp4</Filter>
    </ClCompile>
    <ClCompile Include="..\CPP\EditRange.cpp">
      <Filter>disp4</Filter>
    </ClCompile>
    <ClCompile Include="..\CPP\EngName.cpp">
      <Filter>disp4</Filter>
    </ClCompile>
    <ClCompile Include="..\CPP\ExtLine.cpp">
      <Filter>disp4</Filter>
    </ClCompile>
    <ClCompile Include="..\CPP\FBXBone.cpp">
      <Filter>disp4</Filter>
    </ClCompile>
    <ClCompile Include="..\CPP\FBXFile.cpp">
      <Filter>disp4</Filter>
    </ClCompile>
    <ClCompile Include="..\CPP\FilterDlg.cpp">
      <Filter>disp4</Filter>
    </ClCompile>
    <ClCompile Include="..\CPP\GColiFile.cpp">
      <Filter>disp4</Filter>
    </ClCompile>
    <ClCompile Include="..\CPP\GetMaterial.cpp">
      <Filter>disp4</Filter>
    </ClCompile>
    <ClCompile Include="..\CPP\ImpFile.cpp">
      <Filter>disp4</Filter>
    </ClCompile>
    <ClCompile Include="..\CPP\InfBone.cpp">
      <Filter>disp4</Filter>
    </ClCompile>
    <ClCompile Include="..\CPP\lmtFile.cpp">
      <Filter>disp4</Filter>
    </ClCompile>
    <ClCompile Include="..\CPP\Model.cpp">
      <Filter>disp4</Filter>
    </ClCompile>
    <ClCompile Include="..\CPP\MotFilter.cpp">
      <Filter>disp4</Filter>
    </ClCompile>
    <ClCompile Include="..\CPP\MotionPoint.cpp">
      <Filter>disp4</Filter>
    </ClCompile>
    <ClCompile Include="..\CPP\mqoface.cpp">
      <Filter>disp4</Filter>
    </ClCompile>
    <ClCompile Include="..\CPP\mqofile.cpp">
      <Filter>disp4</Filter>
    </ClCompile>
    <ClCompile Include="..\CPP\mqomaterial.cpp">
      <Filter>disp4</Filter>
    </ClCompile>
    <ClCompile Include="..\CPP\mqoobject.cpp">
      <Filter>disp4</Filter>
    </ClCompile>
    <ClCompile Include="..\CPP\MySprite.cpp">
      <Filter>disp4</Filter>
    </ClCompile>
    <ClCompile Include="..\CPP\OrgWindow.cpp">
      <Filter>disp4</Filter>
    </ClCompile>
    <ClCompile Include="..\CPP\polymesh3.cpp">
      <Filter>disp4</Filter>
    </ClCompile>
    <ClCompile Include="..\CPP\polymesh4.cpp">
      <Filter>disp4</Filter>
    </ClCompile>
    <ClCompile Include="..\CPP\RigFile.cpp">
      <Filter>disp4</Filter>
    </ClCompile>
    <ClCompile Include="..\CPP\RigidElem.cpp">
      <Filter>disp4</Filter>
    </ClCompile>
    <ClCompile Include="..\CPP\RigidElemFile.cpp">
      <Filter>disp4</Filter>
    </ClCompile>
    <ClCompile Include="..\CPP\TexBank.cpp">
      <Filter>disp4</Filter>
    </ClCompile>
    <ClCompile Include="..\CPP\TexElem.cpp">
      <Filter>disp4</Filter>
    </ClCompile>
    <ClCompile Include="..\CPP\UndoMotion.cpp">
      <Filter>disp4</Filter>
    </ClCompile>
    <ClCompile Include="..\CPP\XMLIO.cpp">
      <Filter>disp4</Filter>
    </ClCompile>
    <ClCompile Include="..\CPP\BtObject.cpp">
      <Filter>disp4</Filter>
    </ClCompile>
  </ItemGroup>
  <ItemGroup>
    <ClInclude Include="..\BTMANAGER\BPWorld.h">
      <Filter>Bullet</Filter>
    </ClInclude>
    <ClInclude Include="..\examples\MultiThreadedDemo\CommonRigidBodyMTBase.h">
      <Filter>BulletMT</Filter>
    </ClInclude>
    <ClInclude Include="..\examples\MultiThreadedDemo\ParallelFor.h">
      <Filter>BulletMT</Filter>
    </ClInclude>
    <ClInclude Include="..\BTSRC\BulletCollision\BroadphaseCollision\btAxisSweep3.h">
      <Filter>BulletSrc</Filter>
    </ClInclude>
    <ClInclude Include="..\BTSRC\BulletCollision\BroadphaseCollision\btBroadphaseInterface.h">
      <Filter>BulletSrc</Filter>
    </ClInclude>
    <ClInclude Include="..\BTSRC\BulletCollision\BroadphaseCollision\btBroadphaseProxy.h">
      <Filter>BulletSrc</Filter>
    </ClInclude>
    <ClInclude Include="..\BTSRC\BulletCollision\BroadphaseCollision\btCollisionAlgorithm.h">
      <Filter>BulletSrc</Filter>
    </ClInclude>
    <ClInclude Include="..\BTSRC\BulletCollision\BroadphaseCollision\btDbvt.h">
      <Filter>BulletSrc</Filter>
    </ClInclude>
    <ClInclude Include="..\BTSRC\BulletCollision\BroadphaseCollision\btDbvtBroadphase.h">
      <Filter>BulletSrc</Filter>
    </ClInclude>
    <ClInclude Include="..\BTSRC\BulletCollision\BroadphaseCollision\btDispatcher.h">
      <Filter>BulletSrc</Filter>
    </ClInclude>
    <ClInclude Include="..\BTSRC\BulletCollision\BroadphaseCollision\btOverlappingPairCache.h">
      <Filter>BulletSrc</Filter>
    </ClInclude>
    <ClInclude Include="..\BTSRC\BulletCollision\BroadphaseCollision\btOverlappingPairCallback.h">
      <Filter>BulletSrc</Filter>
    </ClInclude>
    <ClInclude Include="..\BTSRC\BulletCollision\BroadphaseCollision\btQuantizedBvh.h">
      <Filter>BulletSrc</Filter>
    </ClInclude>
    <ClInclude Include="..\BTSRC\BulletCollision\BroadphaseCollision\btSimpleBroadphase.h">
      <Filter>BulletSrc</Filter>
    </ClInclude>
    <ClInclude Include="..\BTSRC\BulletCollision\CollisionDispatch\btActivatingCollisionAlgorithm.h">
      <Filter>BulletSrc</Filter>
    </ClInclude>
    <ClInclude Include="..\BTSRC\BulletCollision\CollisionDispatch\btBox2dBox2dCollisionAlgorithm.h">
      <Filter>BulletSrc</Filter>
    </ClInclude>
    <ClInclude Include="..\BTSRC\BulletCollision\CollisionDispatch\btBoxBoxCollisionAlgorithm.h">
      <Filter>BulletSrc</Filter>
    </ClInclude>
    <ClInclude Include="..\BTSRC\BulletCollision\CollisionDispatch\btBoxBoxDetector.h">
      <Filter>BulletSrc</Filter>
    </ClInclude>
    <ClInclude Include="..\BTSRC\BulletCollision\CollisionDispatch\btCollisionConfiguration.h">
      <Filter>BulletSrc</Filter>
    </ClInclude>
    <ClInclude Include="..\BTSRC\BulletCollision\CollisionDispatch\btCollisionCreateFunc.h">
      <Filter>BulletSrc</Filter>
    </ClInclude>
    <ClInclude Include="..\BTSRC\BulletCollision\CollisionDispatch\btCollisionDispatcher.h">
      <Filter>BulletSrc</Filter>
    </ClInclude>
    <ClInclude Include="..\BTSRC\BulletCollision\CollisionDispatch\btCollisionObject.h">
      <Filter>BulletSrc</Filter>
    </ClInclude>
    <ClInclude Include="..\BTSRC\BulletCollision\CollisionDispatch\btCollisionObjectWrapper.h">
      <Filter>BulletSrc</Filter>
    </ClInclude>
    <ClInclude Include="..\BTSRC\BulletCollision\CollisionDispatch\btCollisionWorld.h">
      <Filter>BulletSrc</Filter>
    </ClInclude>
    <ClInclude Include="..\BTSRC\BulletCollision\CollisionDispatch\btCollisionWorldImporter.h">
      <Filter>BulletSrc</Filter>
    </ClInclude>
    <ClInclude Include="..\BTSRC\BulletCollision\CollisionDispatch\btCompoundCollisionAlgorithm.h">
      <Filter>BulletSrc</Filter>
    </ClInclude>
    <ClInclude Include="..\BTSRC\BulletCollision\CollisionDispatch\btCompoundCompoundCollisionAlgorithm.h">
      <Filter>BulletSrc</Filter>
    </ClInclude>
    <ClInclude Include="..\BTSRC\BulletCollision\CollisionDispatch\btConvex2dConvex2dAlgorithm.h">
      <Filter>BulletSrc</Filter>
    </ClInclude>
    <ClInclude Include="..\BTSRC\BulletCollision\CollisionDispatch\btConvexConcaveCollisionAlgorithm.h">
      <Filter>BulletSrc</Filter>
    </ClInclude>
    <ClInclude Include="..\BTSRC\BulletCollision\CollisionDispatch\btConvexConvexAlgorithm.h">
      <Filter>BulletSrc</Filter>
    </ClInclude>
    <ClInclude Include="..\BTSRC\BulletCollision\CollisionDispatch\btConvexPlaneCollisionAlgorithm.h">
      <Filter>BulletSrc</Filter>
    </ClInclude>
    <ClInclude Include="..\BTSRC\BulletCollision\CollisionDispatch\btDefaultCollisionConfiguration.h">
      <Filter>BulletSrc</Filter>
    </ClInclude>
    <ClInclude Include="..\BTSRC\BulletCollision\CollisionDispatch\btEmptyCollisionAlgorithm.h">
      <Filter>BulletSrc</Filter>
    </ClInclude>
    <ClInclude Include="..\BTSRC\BulletCollision\CollisionDispatch\btGhostObject.h">
      <Filter>BulletSrc</Filter>
    </ClInclude>
    <ClInclude Include="..\BTSRC\BulletCollision\CollisionDispatch\btHashedSimplePairCache.h">
      <Filter>BulletSrc</Filter>
    </ClInclude>
    <ClInclude Include="..\BTSRC\BulletCollision\CollisionDispatch\btInternalEdgeUtility.h">
      <Filter>BulletSrc</Filter>
    </ClInclude>
    <ClInclude Include="..\BTSRC\BulletCollision\CollisionDispatch\btManifoldResult.h">
      <Filter>BulletSrc</Filter>
    </ClInclude>
    <ClInclude Include="..\BTSRC\BulletCollision\CollisionDispatch\btSimulationIslandManager.h">
      <Filter>BulletSrc</Filter>
    </ClInclude>
    <ClInclude Include="..\BTSRC\BulletCollision\CollisionDispatch\btSphereBoxCollisionAlgorithm.h">
      <Filter>BulletSrc</Filter>
    </ClInclude>
    <ClInclude Include="..\BTSRC\BulletCollision\CollisionDispatch\btSphereSphereCollisionAlgorithm.h">
      <Filter>BulletSrc</Filter>
    </ClInclude>
    <ClInclude Include="..\BTSRC\BulletCollision\CollisionDispatch\btSphereTriangleCollisionAlgorithm.h">
      <Filter>BulletSrc</Filter>
    </ClInclude>
    <ClInclude Include="..\BTSRC\BulletCollision\CollisionDispatch\btUnionFind.h">
      <Filter>BulletSrc</Filter>
    </ClInclude>
    <ClInclude Include="..\BTSRC\BulletCollision\CollisionDispatch\SphereTriangleDetector.h">
      <Filter>BulletSrc</Filter>
    </ClInclude>
    <ClInclude Include="..\BTSRC\BulletCollision\CollisionShapes\btBox2dShape.h">
      <Filter>BulletSrc</Filter>
    </ClInclude>
    <ClInclude Include="..\BTSRC\BulletCollision\CollisionShapes\btBoxShape.h">
      <Filter>BulletSrc</Filter>
    </ClInclude>
    <ClInclude Include="..\BTSRC\BulletCollision\CollisionShapes\btBvhTriangleMeshShape.h">
      <Filter>BulletSrc</Filter>
    </ClInclude>
    <ClInclude Include="..\BTSRC\BulletCollision\CollisionShapes\btCapsuleShape.h">
      <Filter>BulletSrc</Filter>
    </ClInclude>
    <ClInclude Include="..\BTSRC\BulletCollision\CollisionShapes\btCollisionMargin.h">
      <Filter>BulletSrc</Filter>
    </ClInclude>
    <ClInclude Include="..\BTSRC\BulletCollision\CollisionShapes\btCollisionShape.h">
      <Filter>BulletSrc</Filter>
    </ClInclude>
    <ClInclude Include="..\BTSRC\BulletCollision\CollisionShapes\btCompoundShape.h">
      <Filter>BulletSrc</Filter>
    </ClInclude>
    <ClInclude Include="..\BTSRC\BulletCollision\CollisionShapes\btConcaveShape.h">
      <Filter>BulletSrc</Filter>
    </ClInclude>
    <ClInclude Include="..\BTSRC\BulletCollision\CollisionShapes\btConeShape.h">
      <Filter>BulletSrc</Filter>
    </ClInclude>
    <ClInclude Include="..\BTSRC\BulletCollision\CollisionShapes\btConvex2dShape.h">
      <Filter>BulletSrc</Filter>
    </ClInclude>
    <ClInclude Include="..\BTSRC\BulletCollision\CollisionShapes\btConvexHullShape.h">
      <Filter>BulletSrc</Filter>
    </ClInclude>
    <ClInclude Include="..\BTSRC\BulletCollision\CollisionShapes\btConvexInternalShape.h">
      <Filter>BulletSrc</Filter>
    </ClInclude>
    <ClInclude Include="..\BTSRC\BulletCollision\CollisionShapes\btConvexPointCloudShape.h">
      <Filter>BulletSrc</Filter>
    </ClInclude>
    <ClInclude Include="..\BTSRC\BulletCollision\CollisionShapes\btConvexPolyhedron.h">
      <Filter>BulletSrc</Filter>
    </ClInclude>
    <ClInclude Include="..\BTSRC\BulletCollision\CollisionShapes\btConvexShape.h">
      <Filter>BulletSrc</Filter>
    </ClInclude>
    <ClInclude Include="..\BTSRC\BulletCollision\CollisionShapes\btConvexTriangleMeshShape.h">
      <Filter>BulletSrc</Filter>
    </ClInclude>
    <ClInclude Include="..\BTSRC\BulletCollision\CollisionShapes\btCylinderShape.h">
      <Filter>BulletSrc</Filter>
    </ClInclude>
    <ClInclude Include="..\BTSRC\BulletCollision\CollisionShapes\btEmptyShape.h">
      <Filter>BulletSrc</Filter>
    </ClInclude>
    <ClInclude Include="..\BTSRC\BulletCollision\CollisionShapes\btHeightfieldTerrainShape.h">
      <Filter>BulletSrc</Filter>
    </ClInclude>
    <ClInclude Include="..\BTSRC\BulletCollision\CollisionShapes\btMaterial.h">
      <Filter>BulletSrc</Filter>
    </ClInclude>
    <ClInclude Include="..\BTSRC\BulletCollision\CollisionShapes\btMinkowskiSumShape.h">
      <Filter>BulletSrc</Filter>
    </ClInclude>
    <ClInclude Include="..\BTSRC\BulletCollision\CollisionShapes\btMultimaterialTriangleMeshShape.h">
      <Filter>BulletSrc</Filter>
    </ClInclude>
    <ClInclude Include="..\BTSRC\BulletCollision\CollisionShapes\btMultiSphereShape.h">
      <Filter>BulletSrc</Filter>
    </ClInclude>
    <ClInclude Include="..\BTSRC\BulletCollision\CollisionShapes\btOptimizedBvh.h">
      <Filter>BulletSrc</Filter>
    </ClInclude>
    <ClInclude Include="..\BTSRC\BulletCollision\CollisionShapes\btPolyhedralConvexShape.h">
      <Filter>BulletSrc</Filter>
    </ClInclude>
    <ClInclude Include="..\BTSRC\BulletCollision\CollisionShapes\btScaledBvhTriangleMeshShape.h">
      <Filter>BulletSrc</Filter>
    </ClInclude>
    <ClInclude Include="..\BTSRC\BulletCollision\CollisionShapes\btShapeHull.h">
      <Filter>BulletSrc</Filter>
    </ClInclude>
    <ClInclude Include="..\BTSRC\BulletCollision\CollisionShapes\btSphereShape.h">
      <Filter>BulletSrc</Filter>
    </ClInclude>
    <ClInclude Include="..\BTSRC\BulletCollision\CollisionShapes\btStaticPlaneShape.h">
      <Filter>BulletSrc</Filter>
    </ClInclude>
    <ClInclude Include="..\BTSRC\BulletCollision\CollisionShapes\btStridingMeshInterface.h">
      <Filter>BulletSrc</Filter>
    </ClInclude>
    <ClInclude Include="..\BTSRC\BulletCollision\CollisionShapes\btTetrahedronShape.h">
      <Filter>BulletSrc</Filter>
    </ClInclude>
    <ClInclude Include="..\BTSRC\BulletCollision\CollisionShapes\btTriangleBuffer.h">
      <Filter>BulletSrc</Filter>
    </ClInclude>
    <ClInclude Include="..\BTSRC\BulletCollision\CollisionShapes\btTriangleCallback.h">
      <Filter>BulletSrc</Filter>
    </ClInclude>
    <ClInclude Include="..\BTSRC\BulletCollision\CollisionShapes\btTriangleIndexVertexArray.h">
      <Filter>BulletSrc</Filter>
    </ClInclude>
    <ClInclude Include="..\BTSRC\BulletCollision\CollisionShapes\btTriangleIndexVertexMaterialArray.h">
      <Filter>BulletSrc</Filter>
    </ClInclude>
    <ClInclude Include="..\BTSRC\BulletCollision\CollisionShapes\btTriangleInfoMap.h">
      <Filter>BulletSrc</Filter>
    </ClInclude>
    <ClInclude Include="..\BTSRC\BulletCollision\CollisionShapes\btTriangleMesh.h">
      <Filter>BulletSrc</Filter>
    </ClInclude>
    <ClInclude Include="..\BTSRC\BulletCollision\CollisionShapes\btTriangleMeshShape.h">
      <Filter>BulletSrc</Filter>
    </ClInclude>
    <ClInclude Include="..\BTSRC\BulletCollision\CollisionShapes\btTriangleShape.h">
      <Filter>BulletSrc</Filter>
    </ClInclude>
    <ClInclude Include="..\BTSRC\BulletCollision\CollisionShapes\btUniformScalingShape.h">
      <Filter>BulletSrc</Filter>
    </ClInclude>
    <ClInclude Include="..\BTSRC\BulletCollision\Gimpact\btBoxCollision.h">
      <Filter>BulletSrc</Filter>
    </ClInclude>
    <ClInclude Include="..\BTSRC\BulletCollision\Gimpact\btClipPolygon.h">
      <Filter>BulletSrc</Filter>
    </ClInclude>
    <ClInclude Include="..\BTSRC\BulletCollision\Gimpact\btCompoundFromGimpact.h">
      <Filter>BulletSrc</Filter>
    </ClInclude>
    <ClInclude Include="..\BTSRC\BulletCollision\Gimpact\btContactProcessing.h">
      <Filter>BulletSrc</Filter>
    </ClInclude>
    <ClInclude Include="..\BTSRC\BulletCollision\Gimpact\btGenericPoolAllocator.h">
      <Filter>BulletSrc</Filter>
    </ClInclude>
    <ClInclude Include="..\BTSRC\BulletCollision\Gimpact\btGeometryOperations.h">
      <Filter>BulletSrc</Filter>
    </ClInclude>
    <ClInclude Include="..\BTSRC\BulletCollision\Gimpact\btGImpactBvh.h">
      <Filter>BulletSrc</Filter>
    </ClInclude>
    <ClInclude Include="..\BTSRC\BulletCollision\Gimpact\btGImpactCollisionAlgorithm.h">
      <Filter>BulletSrc</Filter>
    </ClInclude>
    <ClInclude Include="..\BTSRC\BulletCollision\Gimpact\btGImpactMassUtil.h">
      <Filter>BulletSrc</Filter>
    </ClInclude>
    <ClInclude Include="..\BTSRC\BulletCollision\Gimpact\btGImpactQuantizedBvh.h">
      <Filter>BulletSrc</Filter>
    </ClInclude>
    <ClInclude Include="..\BTSRC\BulletCollision\Gimpact\btGImpactShape.h">
      <Filter>BulletSrc</Filter>
    </ClInclude>
    <ClInclude Include="..\BTSRC\BulletCollision\Gimpact\btQuantization.h">
      <Filter>BulletSrc</Filter>
    </ClInclude>
    <ClInclude Include="..\BTSRC\BulletCollision\Gimpact\btTriangleShapeEx.h">
      <Filter>BulletSrc</Filter>
    </ClInclude>
    <ClInclude Include="..\BTSRC\BulletCollision\Gimpact\gim_array.h">
      <Filter>BulletSrc</Filter>
    </ClInclude>
    <ClInclude Include="..\BTSRC\BulletCollision\Gimpact\gim_basic_geometry_operations.h">
      <Filter>BulletSrc</Filter>
    </ClInclude>
    <ClInclude Include="..\BTSRC\BulletCollision\Gimpact\gim_bitset.h">
      <Filter>BulletSrc</Filter>
    </ClInclude>
    <ClInclude Include="..\BTSRC\BulletCollision\Gimpact\gim_box_collision.h">
      <Filter>BulletSrc</Filter>
    </ClInclude>
    <ClInclude Include="..\BTSRC\BulletCollision\Gimpact\gim_box_set.h">
      <Filter>BulletSrc</Filter>
    </ClInclude>
    <ClInclude Include="..\BTSRC\BulletCollision\Gimpact\gim_clip_polygon.h">
      <Filter>BulletSrc</Filter>
    </ClInclude>
    <ClInclude Include="..\BTSRC\BulletCollision\Gimpact\gim_contact.h">
      <Filter>BulletSrc</Filter>
    </ClInclude>
    <ClInclude Include="..\BTSRC\BulletCollision\Gimpact\gim_geom_types.h">
      <Filter>BulletSrc</Filter>
    </ClInclude>
    <ClInclude Include="..\BTSRC\BulletCollision\Gimpact\gim_geometry.h">
      <Filter>BulletSrc</Filter>
    </ClInclude>
    <ClInclude Include="..\BTSRC\BulletCollision\Gimpact\gim_hash_table.h">
      <Filter>BulletSrc</Filter>
    </ClInclude>
    <ClInclude Include="..\BTSRC\BulletCollision\Gimpact\gim_linear_math.h">
      <Filter>BulletSrc</Filter>
    </ClInclude>
    <ClInclude Include="..\BTSRC\BulletCollision\Gimpact\gim_math.h">
      <Filter>BulletSrc</Filter>
    </ClInclude>
    <ClInclude Include="..\BTSRC\BulletCollision\Gimpact\gim_memory.h">
      <Filter>BulletSrc</Filter>
    </ClInclude>
    <ClInclude Include="..\BTSRC\BulletCollision\Gimpact\gim_radixsort.h">
      <Filter>BulletSrc</Filter>
    </ClInclude>
    <ClInclude Include="..\BTSRC\BulletCollision\Gimpact\gim_tri_collision.h">
      <Filter>BulletSrc</Filter>
    </ClInclude>
    <ClInclude Include="..\BTSRC\BulletCollision\NarrowPhaseCollision\btComputeGjkEpaPenetration.h">
      <Filter>BulletSrc</Filter>
    </ClInclude>
    <ClInclude Include="..\BTSRC\BulletCollision\NarrowPhaseCollision\btContinuousConvexCollision.h">
      <Filter>BulletSrc</Filter>
    </ClInclude>
    <ClInclude Include="..\BTSRC\BulletCollision\NarrowPhaseCollision\btConvexCast.h">
      <Filter>BulletSrc</Filter>
    </ClInclude>
    <ClInclude Include="..\BTSRC\BulletCollision\NarrowPhaseCollision\btConvexPenetrationDepthSolver.h">
      <Filter>BulletSrc</Filter>
    </ClInclude>
    <ClInclude Include="..\BTSRC\BulletCollision\NarrowPhaseCollision\btDiscreteCollisionDetectorInterface.h">
      <Filter>BulletSrc</Filter>
    </ClInclude>
    <ClInclude Include="..\BTSRC\BulletCollision\NarrowPhaseCollision\btGjkCollisionDescription.h">
      <Filter>BulletSrc</Filter>
    </ClInclude>
    <ClInclude Include="..\BTSRC\BulletCollision\NarrowPhaseCollision\btGjkConvexCast.h">
      <Filter>BulletSrc</Filter>
    </ClInclude>
    <ClInclude Include="..\BTSRC\BulletCollision\NarrowPhaseCollision\btGjkEpa2.h">
      <Filter>BulletSrc</Filter>
    </ClInclude>
    <ClInclude Include="..\BTSRC\BulletCollision\NarrowPhaseCollision\btGjkEpa3.h">
      <Filter>BulletSrc</Filter>
    </ClInclude>
    <ClInclude Include="..\BTSRC\BulletCollision\NarrowPhaseCollision\btGjkEpaPenetrationDepthSolver.h">
      <Filter>BulletSrc</Filter>
    </ClInclude>
    <ClInclude Include="..\BTSRC\BulletCollision\NarrowPhaseCollision\btGjkPairDetector.h">
      <Filter>BulletSrc</Filter>
    </ClInclude>
    <ClInclude Include="..\BTSRC\BulletCollision\NarrowPhaseCollision\btManifoldPoint.h">
      <Filter>BulletSrc</Filter>
    </ClInclude>
    <ClInclude Include="..\BTSRC\BulletCollision\NarrowPhaseCollision\btMinkowskiPenetrationDepthSolver.h">
      <Filter>BulletSrc</Filter>
    </ClInclude>
    <ClInclude Include="..\BTSRC\BulletCollision\NarrowPhaseCollision\btMprPenetration.h">
      <Filter>BulletSrc</Filter>
    </ClInclude>
    <ClInclude Include="..\BTSRC\BulletCollision\NarrowPhaseCollision\btPersistentManifold.h">
      <Filter>BulletSrc</Filter>
    </ClInclude>
    <ClInclude Include="..\BTSRC\BulletCollision\NarrowPhaseCollision\btPointCollector.h">
      <Filter>BulletSrc</Filter>
    </ClInclude>
    <ClInclude Include="..\BTSRC\BulletCollision\NarrowPhaseCollision\btPolyhedralContactClipping.h">
      <Filter>BulletSrc</Filter>
    </ClInclude>
    <ClInclude Include="..\BTSRC\BulletCollision\NarrowPhaseCollision\btRaycastCallback.h">
      <Filter>BulletSrc</Filter>
    </ClInclude>
    <ClInclude Include="..\BTSRC\BulletCollision\NarrowPhaseCollision\btSimplexSolverInterface.h">
      <Filter>BulletSrc</Filter>
    </ClInclude>
    <ClInclude Include="..\BTSRC\BulletCollision\NarrowPhaseCollision\btSubSimplexConvexCast.h">
      <Filter>BulletSrc</Filter>
    </ClInclude>
    <ClInclude Include="..\BTSRC\BulletCollision\NarrowPhaseCollision\btVoronoiSimplexSolver.h">
      <Filter>BulletSrc</Filter>
    </ClInclude>
    <ClInclude Include="..\BTSRC\BulletDynamics\Character\btCharacterControllerInterface.h">
      <Filter>BulletSrc</Filter>
    </ClInclude>
    <ClInclude Include="..\BTSRC\BulletDynamics\Character\btKinematicCharacterController.h">
      <Filter>BulletSrc</Filter>
    </ClInclude>
    <ClInclude Include="..\BTSRC\BulletDynamics\ConstraintSolver\btConeTwistConstraint.h">
      <Filter>BulletSrc</Filter>
    </ClInclude>
    <ClInclude Include="..\BTSRC\BulletDynamics\ConstraintSolver\btConstraintSolver.h">
      <Filter>BulletSrc</Filter>
    </ClInclude>
    <ClInclude Include="..\BTSRC\BulletDynamics\ConstraintSolver\btContactConstraint.h">
      <Filter>BulletSrc</Filter>
    </ClInclude>
    <ClInclude Include="..\BTSRC\BulletDynamics\ConstraintSolver\btContactSolverInfo.h">
      <Filter>BulletSrc</Filter>
    </ClInclude>
    <ClInclude Include="..\BTSRC\BulletDynamics\ConstraintSolver\btFixedConstraint.h">
      <Filter>BulletSrc</Filter>
    </ClInclude>
    <ClInclude Include="..\BTSRC\BulletDynamics\ConstraintSolver\btGearConstraint.h">
      <Filter>BulletSrc</Filter>
    </ClInclude>
    <ClInclude Include="..\BTSRC\BulletDynamics\ConstraintSolver\btGeneric6DofConstraint.h">
      <Filter>BulletSrc</Filter>
    </ClInclude>
    <ClInclude Include="..\BTSRC\BulletDynamics\ConstraintSolver\btGeneric6DofSpring2Constraint.h">
      <Filter>BulletSrc</Filter>
    </ClInclude>
    <ClInclude Include="..\BTSRC\BulletDynamics\ConstraintSolver\btGeneric6DofSpringConstraint.h">
      <Filter>BulletSrc</Filter>
    </ClInclude>
    <ClInclude Include="..\BTSRC\BulletDynamics\ConstraintSolver\btHinge2Constraint.h">
      <Filter>BulletSrc</Filter>
    </ClInclude>
    <ClInclude Include="..\BTSRC\BulletDynamics\ConstraintSolver\btHingeConstraint.h">
      <Filter>BulletSrc</Filter>
    </ClInclude>
    <ClInclude Include="..\BTSRC\BulletDynamics\ConstraintSolver\btJacobianEntry.h">
      <Filter>BulletSrc</Filter>
    </ClInclude>
    <ClInclude Include="..\BTSRC\BulletDynamics\ConstraintSolver\btNNCGConstraintSolver.h">
      <Filter>BulletSrc</Filter>
    </ClInclude>
    <ClInclude Include="..\BTSRC\BulletDynamics\ConstraintSolver\btPoint2PointConstraint.h">
      <Filter>BulletSrc</Filter>
    </ClInclude>
    <ClInclude Include="..\BTSRC\BulletDynamics\ConstraintSolver\btSequentialImpulseConstraintSolver.h">
      <Filter>BulletSrc</Filter>
    </ClInclude>
    <ClInclude Include="..\BTSRC\BulletDynamics\ConstraintSolver\btSliderConstraint.h">
      <Filter>BulletSrc</Filter>
    </ClInclude>
    <ClInclude Include="..\BTSRC\BulletDynamics\ConstraintSolver\btSolve2LinearConstraint.h">
      <Filter>BulletSrc</Filter>
    </ClInclude>
    <ClInclude Include="..\BTSRC\BulletDynamics\ConstraintSolver\btSolverBody.h">
      <Filter>BulletSrc</Filter>
    </ClInclude>
    <ClInclude Include="..\BTSRC\BulletDynamics\ConstraintSolver\btSolverConstraint.h">
      <Filter>BulletSrc</Filter>
    </ClInclude>
    <ClInclude Include="..\BTSRC\BulletDynamics\ConstraintSolver\btTypedConstraint.h">
      <Filter>BulletSrc</Filter>
    </ClInclude>
    <ClInclude Include="..\BTSRC\BulletDynamics\ConstraintSolver\btUniversalConstraint.h">
      <Filter>BulletSrc</Filter>
    </ClInclude>
    <ClInclude Include="..\BTSRC\BulletDynamics\Dynamics\btActionInterface.h">
      <Filter>BulletSrc</Filter>
    </ClInclude>
    <ClInclude Include="..\BTSRC\BulletDynamics\Dynamics\btDiscreteDynamicsWorld.h">
      <Filter>BulletSrc</Filter>
    </ClInclude>
    <ClInclude Include="..\BTSRC\BulletDynamics\Dynamics\btDiscreteDynamicsWorldMt.h">
      <Filter>BulletSrc</Filter>
    </ClInclude>
    <ClInclude Include="..\BTSRC\BulletDynamics\Dynamics\btDynamicsWorld.h">
      <Filter>BulletSrc</Filter>
    </ClInclude>
    <ClInclude Include="..\BTSRC\BulletDynamics\Dynamics\btRigidBody.h">
      <Filter>BulletSrc</Filter>
    </ClInclude>
    <ClInclude Include="..\BTSRC\BulletDynamics\Dynamics\btSimpleDynamicsWorld.h">
      <Filter>BulletSrc</Filter>
    </ClInclude>
    <ClInclude Include="..\BTSRC\BulletDynamics\Dynamics\btSimulationIslandManagerMt.h">
      <Filter>BulletSrc</Filter>
    </ClInclude>
    <ClInclude Include="..\BTSRC\BulletDynamics\Featherstone\btMultiBody.h">
      <Filter>BulletSrc</Filter>
    </ClInclude>
    <ClInclude Include="..\BTSRC\BulletDynamics\Featherstone\btMultiBodyConstraint.h">
      <Filter>BulletSrc</Filter>
    </ClInclude>
    <ClInclude Include="..\BTSRC\BulletDynamics\Featherstone\btMultiBodyConstraintSolver.h">
      <Filter>BulletSrc</Filter>
    </ClInclude>
    <ClInclude Include="..\BTSRC\BulletDynamics\Featherstone\btMultiBodyDynamicsWorld.h">
      <Filter>BulletSrc</Filter>
    </ClInclude>
    <ClInclude Include="..\BTSRC\BulletDynamics\Featherstone\btMultiBodyFixedConstraint.h">
      <Filter>BulletSrc</Filter>
    </ClInclude>
    <ClInclude Include="..\BTSRC\BulletDynamics\Featherstone\btMultiBodyJointFeedback.h">
      <Filter>BulletSrc</Filter>
    </ClInclude>
    <ClInclude Include="..\BTSRC\BulletDynamics\Featherstone\btMultiBodyJointLimitConstraint.h">
      <Filter>BulletSrc</Filter>
    </ClInclude>
    <ClInclude Include="..\BTSRC\BulletDynamics\Featherstone\btMultiBodyJointMotor.h">
      <Filter>BulletSrc</Filter>
    </ClInclude>
    <ClInclude Include="..\BTSRC\BulletDynamics\Featherstone\btMultiBodyLink.h">
      <Filter>BulletSrc</Filter>
    </ClInclude>
    <ClInclude Include="..\BTSRC\BulletDynamics\Featherstone\btMultiBodyLinkCollider.h">
      <Filter>BulletSrc</Filter>
    </ClInclude>
    <ClInclude Include="..\BTSRC\BulletDynamics\Featherstone\btMultiBodyPoint2Point.h">
      <Filter>BulletSrc</Filter>
    </ClInclude>
    <ClInclude Include="..\BTSRC\BulletDynamics\Featherstone\btMultiBodySliderConstraint.h">
      <Filter>BulletSrc</Filter>
    </ClInclude>
    <ClInclude Include="..\BTSRC\BulletDynamics\Featherstone\btMultiBodySolverConstraint.h">
      <Filter>BulletSrc</Filter>
    </ClInclude>
    <ClInclude Include="..\BTSRC\BulletDynamics\MLCPSolvers\btDantzigLCP.h">
      <Filter>BulletSrc</Filter>
    </ClInclude>
    <ClInclude Include="..\BTSRC\BulletDynamics\MLCPSolvers\btDantzigSolver.h">
      <Filter>BulletSrc</Filter>
    </ClInclude>
    <ClInclude Include="..\BTSRC\BulletDynamics\MLCPSolvers\btLemkeAlgorithm.h">
      <Filter>BulletSrc</Filter>
    </ClInclude>
    <ClInclude Include="..\BTSRC\BulletDynamics\MLCPSolvers\btLemkeSolver.h">
      <Filter>BulletSrc</Filter>
    </ClInclude>
    <ClInclude Include="..\BTSRC\BulletDynamics\MLCPSolvers\btMLCPSolver.h">
      <Filter>BulletSrc</Filter>
    </ClInclude>
    <ClInclude Include="..\BTSRC\BulletDynamics\MLCPSolvers\btMLCPSolverInterface.h">
      <Filter>BulletSrc</Filter>
    </ClInclude>
    <ClInclude Include="..\BTSRC\BulletDynamics\MLCPSolvers\btPATHSolver.h">
      <Filter>BulletSrc</Filter>
    </ClInclude>
    <ClInclude Include="..\BTSRC\BulletDynamics\MLCPSolvers\btSolveProjectedGaussSeidel.h">
      <Filter>BulletSrc</Filter>
    </ClInclude>
    <ClInclude Include="..\BTSRC\BulletDynamics\Vehicle\btRaycastVehicle.h">
      <Filter>BulletSrc</Filter>
    </ClInclude>
    <ClInclude Include="..\BTSRC\BulletDynamics\Vehicle\btVehicleRaycaster.h">
      <Filter>BulletSrc</Filter>
    </ClInclude>
    <ClInclude Include="..\BTSRC\BulletDynamics\Vehicle\btWheelInfo.h">
      <Filter>BulletSrc</Filter>
    </ClInclude>
    <ClInclude Include="..\BTSRC\BulletSoftBody\btDefaultSoftBodySolver.h">
      <Filter>BulletSrc</Filter>
    </ClInclude>
    <ClInclude Include="..\BTSRC\BulletSoftBody\btSoftBody.h">
      <Filter>BulletSrc</Filter>
    </ClInclude>
    <ClInclude Include="..\BTSRC\BulletSoftBody\btSoftBodyConcaveCollisionAlgorithm.h">
      <Filter>BulletSrc</Filter>
    </ClInclude>
    <ClInclude Include="..\BTSRC\BulletSoftBody\btSoftBodyData.h">
      <Filter>BulletSrc</Filter>
    </ClInclude>
    <ClInclude Include="..\BTSRC\BulletSoftBody\btSoftBodyHelpers.h">
      <Filter>BulletSrc</Filter>
    </ClInclude>
    <ClInclude Include="..\BTSRC\BulletSoftBody\btSoftBodyInternals.h">
      <Filter>BulletSrc</Filter>
    </ClInclude>
    <ClInclude Include="..\BTSRC\BulletSoftBody\btSoftBodyRigidBodyCollisionConfiguration.h">
      <Filter>BulletSrc</Filter>
    </ClInclude>
    <ClInclude Include="..\BTSRC\BulletSoftBody\btSoftBodySolvers.h">
      <Filter>BulletSrc</Filter>
    </ClInclude>
    <ClInclude Include="..\BTSRC\BulletSoftBody\btSoftBodySolverVertexBuffer.h">
      <Filter>BulletSrc</Filter>
    </ClInclude>
    <ClInclude Include="..\BTSRC\BulletSoftBody\btSoftMultiBodyDynamicsWorld.h">
      <Filter>BulletSrc</Filter>
    </ClInclude>
    <ClInclude Include="..\BTSRC\BulletSoftBody\btSoftRigidCollisionAlgorithm.h">
      <Filter>BulletSrc</Filter>
    </ClInclude>
    <ClInclude Include="..\BTSRC\BulletSoftBody\btSoftRigidDynamicsWorld.h">
      <Filter>BulletSrc</Filter>
    </ClInclude>
    <ClInclude Include="..\BTSRC\BulletSoftBody\btSoftSoftCollisionAlgorithm.h">
      <Filter>BulletSrc</Filter>
    </ClInclude>
    <ClInclude Include="..\BTSRC\BulletSoftBody\btSparseSDF.h">
      <Filter>BulletSrc</Filter>
    </ClInclude>
    <ClInclude Include="..\BTSRC\LinearMath\btAabbUtil2.h">
      <Filter>BulletSrc</Filter>
    </ClInclude>
    <ClInclude Include="..\BTSRC\LinearMath\btAlignedAllocator.h">
      <Filter>BulletSrc</Filter>
    </ClInclude>
    <ClInclude Include="..\BTSRC\LinearMath\btAlignedObjectArray.h">
      <Filter>BulletSrc</Filter>
    </ClInclude>
    <ClInclude Include="..\BTSRC\LinearMath\btConvexHull.h">
      <Filter>BulletSrc</Filter>
    </ClInclude>
    <ClInclude Include="..\BTSRC\LinearMath\btConvexHullComputer.h">
      <Filter>BulletSrc</Filter>
    </ClInclude>
    <ClInclude Include="..\BTSRC\LinearMath\btCpuFeatureUtility.h">
      <Filter>BulletSrc</Filter>
    </ClInclude>
    <ClInclude Include="..\BTSRC\LinearMath\btDefaultMotionState.h">
      <Filter>BulletSrc</Filter>
    </ClInclude>
    <ClInclude Include="..\BTSRC\LinearMath\btGeometryUtil.h">
      <Filter>BulletSrc</Filter>
    </ClInclude>
    <ClInclude Include="..\BTSRC\LinearMath\btGrahamScan2dConvexHull.h">
      <Filter>BulletSrc</Filter>
    </ClInclude>
    <ClInclude Include="..\BTSRC\LinearMath\btHashMap.h">
      <Filter>BulletSrc</Filter>
    </ClInclude>
    <ClInclude Include="..\BTSRC\LinearMath\btIDebugDraw.h">
      <Filter>BulletSrc</Filter>
    </ClInclude>
    <ClInclude Include="..\BTSRC\LinearMath\btList.h">
      <Filter>BulletSrc</Filter>
    </ClInclude>
    <ClInclude Include="..\BTSRC\LinearMath\btMatrix3x3.h">
      <Filter>BulletSrc</Filter>
    </ClInclude>
    <ClInclude Include="..\BTSRC\LinearMath\btMatrixX.h">
      <Filter>BulletSrc</Filter>
    </ClInclude>
    <ClInclude Include="..\BTSRC\LinearMath\btMinMax.h">
      <Filter>BulletSrc</Filter>
    </ClInclude>
    <ClInclude Include="..\BTSRC\LinearMath\btMotionState.h">
      <Filter>BulletSrc</Filter>
    </ClInclude>
    <ClInclude Include="..\BTSRC\LinearMath\btPolarDecomposition.h">
      <Filter>BulletSrc</Filter>
    </ClInclude>
    <ClInclude Include="..\BTSRC\LinearMath\btPoolAllocator.h">
      <Filter>BulletSrc</Filter>
    </ClInclude>
    <ClInclude Include="..\BTSRC\LinearMath\btQuadWord.h">
      <Filter>BulletSrc</Filter>
    </ClInclude>
    <ClInclude Include="..\BTSRC\LinearMath\btQuaternion.h">
      <Filter>BulletSrc</Filter>
    </ClInclude>
    <ClInclude Include="..\BTSRC\LinearMath\btQuickprof.h">
      <Filter>BulletSrc</Filter>
    </ClInclude>
    <ClInclude Include="..\BTSRC\LinearMath\btRandom.h">
      <Filter>BulletSrc</Filter>
    </ClInclude>
    <ClInclude Include="..\BTSRC\LinearMath\btScalar.h">
      <Filter>BulletSrc</Filter>
    </ClInclude>
    <ClInclude Include="..\BTSRC\LinearMath\btSerializer.h">
      <Filter>BulletSrc</Filter>
    </ClInclude>
    <ClInclude Include="..\BTSRC\LinearMath\btSpatialAlgebra.h">
      <Filter>BulletSrc</Filter>
    </ClInclude>
    <ClInclude Include="..\BTSRC\LinearMath\btStackAlloc.h">
      <Filter>BulletSrc</Filter>
    </ClInclude>
    <ClInclude Include="..\BTSRC\LinearMath\btThreads.h">
      <Filter>BulletSrc</Filter>
    </ClInclude>
    <ClInclude Include="..\BTSRC\LinearMath\btTransform.h">
      <Filter>BulletSrc</Filter>
    </ClInclude>
    <ClInclude Include="..\BTSRC\LinearMath\btTransformUtil.h">
      <Filter>BulletSrc</Filter>
    </ClInclude>
    <ClInclude Include="..\BTSRC\LinearMath\btVector3.h">
      <Filter>BulletSrc</Filter>
    </ClInclude>
    <ClInclude Include="..\INCLUDE\BntFile.h">
      <Filter>disp4</Filter>
    </ClInclude>
    <ClInclude Include="..\INCLUDE\Bone.h">
      <Filter>disp4</Filter>
    </ClInclude>
    <ClInclude Include="..\INCLUDE\BtObject.h">
      <Filter>disp4</Filter>
    </ClInclude>
    <ClInclude Include="..\INCLUDE\BVHelem.h">
      <Filter>disp4</Filter>
    </ClInclude>
    <ClInclude Include="..\INCLUDE\BVHFile.h">
      <Filter>disp4</Filter>
    </ClInclude>
    <ClInclude Include="..\INCLUDE\ChaFile.h">
      <Filter>disp4</Filter>
    </ClInclude>
    <ClInclude Include="..\INCLUDE\ChaVecCalc.h">
      <Filter>disp4</Filter>
    </ClInclude>
    <ClInclude Include="..\INCLUDE\Coef.h">
      <Filter>disp4</Filter>
    </ClInclude>
    <ClInclude Include="..\INCLUDE\coef_r.h">
      <Filter>disp4</Filter>
    </ClInclude>
    <ClInclude Include="..\INCLUDE\Collision.h">
      <Filter>disp4</Filter>
    </ClInclude>
    <ClInclude Include="..\INCLUDE\ConstraintElem.h">
      <Filter>disp4</Filter>
    </ClInclude>
    <ClInclude Include="..\INCLUDE\dbg.h">
      <Filter>disp4</Filter>
    </ClInclude>
    <ClInclude Include="..\INCLUDE\DispObj.h">
      <Filter>disp4</Filter>
    </ClInclude>
    <ClInclude Include="..\INCLUDE\EditRange.h">
      <Filter>disp4</Filter>
    </ClInclude>
    <ClInclude Include="..\INCLUDE\EngName.h">
      <Filter>disp4</Filter>
    </ClInclude>
    <ClInclude Include="..\INCLUDE\ExtLine.h">
      <Filter>disp4</Filter>
    </ClInclude>
    <ClInclude Include="..\INCLUDE\FBXBone.h">
      <Filter>disp4</Filter>
    </ClInclude>
    <ClInclude Include="..\INCLUDE\FBXFile.h">
      <Filter>disp4</Filter>
    </ClInclude>
    <ClInclude Include="..\INCLUDE\FilterDlg.h">
      <Filter>disp4</Filter>
    </ClInclude>
    <ClInclude Include="..\INCLUDE\FilterType.h">
      <Filter>disp4</Filter>
    </ClInclude>
    <ClInclude Include="..\INCLUDE\GColiFile.h">
      <Filter>disp4</Filter>
    </ClInclude>
    <ClInclude Include="..\INCLUDE\GetMaterial.h">
      <Filter>disp4</Filter>
    </ClInclude>
    <ClInclude Include="..\INCLUDE\ImpFile.h">
      <Filter>disp4</Filter>
    </ClInclude>
    <ClInclude Include="..\INCLUDE\InfBone.h">
      <Filter>disp4</Filter>
    </ClInclude>
    <ClInclude Include="..\INCLUDE\lmtFile.h">
      <Filter>disp4</Filter>
    </ClInclude>
    <ClInclude Include="..\INCLUDE\Model.h">
      <Filter>disp4</Filter>
    </ClInclude>
    <ClInclude Include="..\INCLUDE\MotFilter.h">
      <Filter>disp4</Filter>
    </ClInclude>
    <ClInclude Include="..\INCLUDE\MotionPoint.h">
      <Filter>disp4</Filter>
    </ClInclude>
    <ClInclude Include="..\INCLUDE\mqoface.h">
      <Filter>disp4</Filter>
    </ClInclude>
    <ClInclude Include="..\INCLUDE\mqofile.h">
      <Filter>disp4</Filter>
    </ClInclude>
    <ClInclude Include="..\INCLUDE\mqomaterial.h">
      <Filter>disp4</Filter>
    </ClInclude>
    <ClInclude Include="..\INCLUDE\mqoobject.h">
      <Filter>disp4</Filter>
    </ClInclude>
    <ClInclude Include="..\INCLUDE\MySprite.h">
      <Filter>disp4</Filter>
    </ClInclude>
    <ClInclude Include="..\INCLUDE\OrgWindow.h">
      <Filter>disp4</Filter>
    </ClInclude>
    <ClInclude Include="..\INCLUDE\polymesh3.h">
      <Filter>disp4</Filter>
    </ClInclude>
    <ClInclude Include="..\INCLUDE\polymesh4.h">
      <Filter>disp4</Filter>
    </ClInclude>
    <ClInclude Include="..\INCLUDE\RigFile.h">
      <Filter>disp4</Filter>
    </ClInclude>
    <ClInclude Include="..\INCLUDE\RigidElem.h">
      <Filter>disp4</Filter>
    </ClInclude>
    <ClInclude Include="..\INCLUDE\RigidElemFile.h">
      <Filter>disp4</Filter>
    </ClInclude>
    <ClInclude Include="..\INCLUDE\TexBank.h">
      <Filter>disp4</Filter>
    </ClInclude>
    <ClInclude Include="..\INCLUDE\TexElem.h">
      <Filter>disp4</Filter>
    </ClInclude>
    <ClInclude Include="..\INCLUDE\UndoMotion.h">
      <Filter>disp4</Filter>
    </ClInclude>
    <ClInclude Include="..\INCLUDE\usercoef.h">
      <Filter>disp4</Filter>
    </ClInclude>
    <ClInclude Include="..\INCLUDE\XMLIO.h">
      <Filter>disp4</Filter>
    </ClInclude>
  </ItemGroup>
</Project>