<?xml version="1.0" encoding="utf-8"?>
<Project ToolsVersion="4.0" xmlns="http://schemas.microsoft.com/developer/msbuild/2003">
  <ItemGroup>
    <Filter Include="ソース ファイル">
      <UniqueIdentifier>{4FC737F1-C7A5-4376-A066-2A32D752A2FF}</UniqueIdentifier>
      <Extensions>cpp;c;cc;cxx;def;odl;idl;hpj;bat;asm;asmx</Extensions>
    </Filter>
    <Filter Include="ヘッダー ファイル">
      <UniqueIdentifier>{93995380-89BD-4b04-88EB-625FBE52EBFB}</UniqueIdentifier>
      <Extensions>h;hpp;hxx;hm;inl;inc;xsd</Extensions>
    </Filter>
    <Filter Include="リソース ファイル">
      <UniqueIdentifier>{67DA6AB6-F800-4c08-8B7A-83BB121AAD01}</UniqueIdentifier>
      <Extensions>rc;ico;cur;bmp;dlg;rc2;rct;bin;rgs;gif;jpg;jpeg;jpe;resx;tiff;tif;png;wav;mfcribbon-ms</Extensions>
    </Filter>
    <Filter Include="disp4H">
      <UniqueIdentifier>{9a28fa88-9665-4ce4-9401-200502344a8b}</UniqueIdentifier>
    </Filter>
    <Filter Include="DXUT_">
      <UniqueIdentifier>{63c2b17d-ce91-466e-ab07-5dc5e1f1edd3}</UniqueIdentifier>
    </Filter>
  </ItemGroup>
  <ItemGroup>
    <ClCompile Include="FrameCopyDlg.cpp">
      <Filter>ソース ファイル</Filter>
    </ClCompile>
    <ClCompile Include="GetDlgParams.cpp">
      <Filter>ソース ファイル</Filter>
    </ClCompile>
    <ClCompile Include="Main.cpp">
      <Filter>ソース ファイル</Filter>
    </ClCompile>
    <ClCompile Include="RegistDlg.cpp">
      <Filter>ソース ファイル</Filter>
    </ClCompile>
    <ClCompile Include="RMenuMain.cpp">
      <Filter>ソース ファイル</Filter>
    </ClCompile>
    <ClCompile Include="..\MameBake3DLib\DXUT\Core\DXUT.cpp">
      <Filter>DXUT_</Filter>
    </ClCompile>
    <ClCompile Include="..\MameBake3DLib\DXUT\Core\DXUTenum.cpp">
      <Filter>DXUT_</Filter>
    </ClCompile>
    <ClCompile Include="..\MameBake3DLib\DXUT\Core\DXUTmisc.cpp">
      <Filter>DXUT_</Filter>
    </ClCompile>
    <ClCompile Include="..\MameBake3DLib\DXUT\Optional\DXUTcamera.cpp">
      <Filter>DXUT_</Filter>
    </ClCompile>
    <ClCompile Include="..\MameBake3DLib\DXUT\Optional\DXUTgui.cpp">
      <Filter>DXUT_</Filter>
    </ClCompile>
    <ClCompile Include="..\MameBake3DLib\DXUT\Optional\DXUTres.cpp">
      <Filter>DXUT_</Filter>
    </ClCompile>
    <ClCompile Include="..\MameBake3DLib\DXUT\Optional\DXUTsettingsdlg.cpp">
      <Filter>DXUT_</Filter>
    </ClCompile>
    <ClCompile Include="..\MameBake3DLib\DXUT\Optional\SDKmisc.cpp">
      <Filter>DXUT_</Filter>
    </ClCompile>
    <ClCompile Include="ColiIDDlg.cpp">
      <Filter>ソース ファイル</Filter>
    </ClCompile>
    <ClCompile Include="GColiIDDlg.cpp">
      <Filter>ソース ファイル</Filter>
    </ClCompile>
  </ItemGroup>
  <ItemGroup>
    <ClInclude Include="dlgid.h">
      <Filter>ヘッダー ファイル</Filter>
    </ClInclude>
    <ClInclude Include="FrameCopyDlg.h">
      <Filter>ヘッダー ファイル</Filter>
    </ClInclude>
    <ClInclude Include="GetDlgParams.h">
      <Filter>ヘッダー ファイル</Filter>
    </ClInclude>
    <ClInclude Include="RegistDlg.h">
      <Filter>ヘッダー ファイル</Filter>
    </ClInclude>
    <ClInclude Include="resource.h">
      <Filter>ヘッダー ファイル</Filter>
    </ClInclude>
    <ClInclude Include="useatl.h">
      <Filter>ヘッダー ファイル</Filter>
    </ClInclude>
    <ClInclude Include="RMenuMain.h">
      <Filter>ソース ファイル</Filter>
    </ClInclude>
    <ClInclude Include="..\MameBake3DLib\INCLUDE\BntFile.h">
      <Filter>disp4H</Filter>
    </ClInclude>
    <ClInclude Include="..\MameBake3DLib\INCLUDE\Bone.h">
      <Filter>disp4H</Filter>
    </ClInclude>
    <ClInclude Include="..\MameBake3DLib\INCLUDE\BtObject.h">
      <Filter>disp4H</Filter>
    </ClInclude>
    <ClInclude Include="..\MameBake3DLib\INCLUDE\BVHelem.h">
      <Filter>disp4H</Filter>
    </ClInclude>
    <ClInclude Include="..\MameBake3DLib\INCLUDE\BVHFile.h">
      <Filter>disp4H</Filter>
    </ClInclude>
    <ClInclude Include="..\MameBake3DLib\INCLUDE\ChaFile.h">
      <Filter>disp4H</Filter>
    </ClInclude>
    <ClInclude Include="..\MameBake3DLib\INCLUDE\ChaVecCalc.h">
      <Filter>disp4H</Filter>
    </ClInclude>
    <ClInclude Include="..\MameBake3DLib\INCLUDE\Coef.h">
      <Filter>disp4H</Filter>
    </ClInclude>
    <ClInclude Include="..\MameBake3DLib\INCLUDE\coef_r.h">
      <Filter>disp4H</Filter>
    </ClInclude>
    <ClInclude Include="..\MameBake3DLib\INCLUDE\Collision.h">
      <Filter>disp4H</Filter>
    </ClInclude>
    <ClInclude Include="..\MameBake3DLib\INCLUDE\ConstraintElem.h">
      <Filter>disp4H</Filter>
    </ClInclude>
    <ClInclude Include="..\MameBake3DLib\INCLUDE\dbg.h">
      <Filter>disp4H</Filter>
    </ClInclude>
    <ClInclude Include="..\MameBake3DLib\INCLUDE\DispObj.h">
      <Filter>disp4H</Filter>
    </ClInclude>
    <ClInclude Include="..\MameBake3DLib\INCLUDE\EditRange.h">
      <Filter>disp4H</Filter>
    </ClInclude>
    <ClInclude Include="..\MameBake3DLib\INCLUDE\EngName.h">
      <Filter>disp4H</Filter>
    </ClInclude>
    <ClInclude Include="..\MameBake3DLib\INCLUDE\ExtLine.h">
      <Filter>disp4H</Filter>
    </ClInclude>
    <ClInclude Include="..\MameBake3DLib\INCLUDE\FBXBone.h">
      <Filter>disp4H</Filter>
    </ClInclude>
    <ClInclude Include="..\MameBake3DLib\INCLUDE\FBXFile.h">
      <Filter>disp4H</Filter>
    </ClInclude>
    <ClInclude Include="..\MameBake3DLib\INCLUDE\FilterDlg.h">
      <Filter>disp4H</Filter>
    </ClInclude>
    <ClInclude Include="..\MameBake3DLib\INCLUDE\FilterType.h">
      <Filter>disp4H</Filter>
    </ClInclude>
    <ClInclude Include="..\MameBake3DLib\INCLUDE\GColiFile.h">
      <Filter>disp4H</Filter>
    </ClInclude>
    <ClInclude Include="..\MameBake3DLib\INCLUDE\GetMaterial.h">
      <Filter>disp4H</Filter>
    </ClInclude>
    <ClInclude Include="..\MameBake3DLib\INCLUDE\ImpFile.h">
      <Filter>disp4H</Filter>
    </ClInclude>
    <ClInclude Include="..\MameBake3DLib\INCLUDE\InfBone.h">
      <Filter>disp4H</Filter>
    </ClInclude>
    <ClInclude Include="..\MameBake3DLib\INCLUDE\lmtFile.h">
      <Filter>disp4H</Filter>
    </ClInclude>
    <ClInclude Include="..\MameBake3DLib\INCLUDE\Model.h">
      <Filter>disp4H</Filter>
    </ClInclude>
    <ClInclude Include="..\MameBake3DLib\INCLUDE\MotFilter.h">
      <Filter>disp4H</Filter>
    </ClInclude>
    <ClInclude Include="..\MameBake3DLib\INCLUDE\MotionPoint.h">
      <Filter>disp4H</Filter>
    </ClInclude>
    <ClInclude Include="..\MameBake3DLib\INCLUDE\mqoface.h">
      <Filter>disp4H</Filter>
    </ClInclude>
    <ClInclude Include="..\MameBake3DLib\INCLUDE\mqofile.h">
      <Filter>disp4H</Filter>
    </ClInclude>
    <ClInclude Include="..\MameBake3DLib\INCLUDE\mqomaterial.h">
      <Filter>disp4H</Filter>
    </ClInclude>
    <ClInclude Include="..\MameBake3DLib\INCLUDE\mqoobject.h">
      <Filter>disp4H</Filter>
    </ClInclude>
    <ClInclude Include="..\MameBake3DLib\INCLUDE\MySprite.h">
      <Filter>disp4H</Filter>
    </ClInclude>
    <ClInclude Include="..\MameBake3DLib\INCLUDE\OrgWindow.h">
      <Filter>disp4H</Filter>
    </ClInclude>
    <ClInclude Include="..\MameBake3DLib\INCLUDE\polymesh3.h">
      <Filter>disp4H</Filter>
    </ClInclude>
    <ClInclude Include="..\MameBake3DLib\INCLUDE\polymesh4.h">
      <Filter>disp4H</Filter>
    </ClInclude>
    <ClInclude Include="..\MameBake3DLib\INCLUDE\RigFile.h">
      <Filter>disp4H</Filter>
    </ClInclude>
    <ClInclude Include="..\MameBake3DLib\INCLUDE\RigidElem.h">
      <Filter>disp4H</Filter>
    </ClInclude>
    <ClInclude Include="..\MameBake3DLib\INCLUDE\RigidElemFile.h">
      <Filter>disp4H</Filter>
    </ClInclude>
    <ClInclude Include="..\MameBake3DLib\INCLUDE\TexBank.h">
      <Filter>disp4H</Filter>
    </ClInclude>
    <ClInclude Include="..\MameBake3DLib\INCLUDE\TexElem.h">
      <Filter>disp4H</Filter>
    </ClInclude>
    <ClInclude Include="..\MameBake3DLib\INCLUDE\UndoMotion.h">
      <Filter>disp4H</Filter>
    </ClInclude>
    <ClInclude Include="..\MameBake3DLib\INCLUDE\usercoef.h">
      <Filter>disp4H</Filter>
    </ClInclude>
    <ClInclude Include="..\MameBake3DLib\INCLUDE\XMLIO.h">
      <Filter>disp4H</Filter>
    </ClInclude>
    <ClInclude Include="..\MameBake3DLib\DXUT\Core\DXUT.h">
      <Filter>DXUT_</Filter>
    </ClInclude>
    <ClInclude Include="..\MameBake3DLib\DXUT\Core\DXUTenum.h">
      <Filter>DXUT_</Filter>
    </ClInclude>
    <ClInclude Include="..\MameBake3DLib\DXUT\Core\DXUTmisc.h">
      <Filter>DXUT_</Filter>
    </ClInclude>
    <ClInclude Include="..\MameBake3DLib\DXUT\Optional\DXUTcamera.h">
      <Filter>DXUT_</Filter>
    </ClInclude>
    <ClInclude Include="..\MameBake3DLib\DXUT\Optional\DXUTgui.h">
      <Filter>DXUT_</Filter>
    </ClInclude>
    <ClInclude Include="..\MameBake3DLib\DXUT\Optional\DXUTres.h">
      <Filter>DXUT_</Filter>
    </ClInclude>
    <ClInclude Include="..\MameBake3DLib\DXUT\Optional\DXUTsettingsdlg.h">
      <Filter>DXUT_</Filter>
    </ClInclude>
    <ClInclude Include="..\MameBake3DLib\DXUT\Optional\SDKmisc.h">
      <Filter>DXUT_</Filter>
    </ClInclude>
    <ClInclude Include="..\MameBake3DLib\INCLUDE\GlobalVar.h">
      <Filter>ヘッダー ファイル</Filter>
    </ClInclude>
    <ClInclude Include="ColiIDDlg.h">
      <Filter>ヘッダー ファイル</Filter>
    </ClInclude>
    <ClInclude Include="GColiIDDlg.h">
      <Filter>ヘッダー ファイル</Filter>
    </ClInclude>
  </ItemGroup>
  <ItemGroup>
    <ResourceCompile Include="MameBake3D.rc">
      <Filter>リソース ファイル</Filter>
    </ResourceCompile>
  </ItemGroup>
  <ItemGroup>
    <None Include="..\..\..\MameBake3D\MameBake3D\Media\MameMedia\boneimage.bmp">
      <Filter>リソース ファイル</Filter>
    </None>
    <None Include="..\..\..\MameBake3D\MameBake3D\Media\MameMedia\boneselect.bmp">
      <Filter>リソース ファイル</Filter>
    </None>
    <None Include="..\..\..\MameBake3D\MameBake3D\Media\MameBake3D.ico">
      <Filter>リソース ファイル</Filter>
    </None>
    <None Include="..\Media\MameMedia\boneimage.bmp">
      <Filter>リソース ファイル</Filter>
    </None>
    <None Include="..\Media\MameMedia\boneselect.bmp">
      <Filter>リソース ファイル</Filter>
    </None>
    <None Include="..\Media\MameBake3D.ico">
      <Filter>リソース ファイル</Filter>
    </None>
  </ItemGroup>
</Project>