
Microsoft Visual Studio Solution File, Format Version 12.00
# Visual Studio Version 16
VisualStudioVersion = 16.0.31112.23
MinimumVisualStudioVersion = 10.0.40219.1
Project("{8BC9CEB8-8B4A-11D0-8D11-00A0C91BC942}") = "MameBake3D", "MameBake3D.vcxproj", "{16FA9686-BD76-4B06-AE36-7B156CC35AFA}"
	ProjectSection(ProjectDependencies) = postProject
		{50943E28-D093-44B3-AC1C-8F3BAC2917D2} = {50943E28-D093-44B3-AC1C-8F3BAC2917D2}
		{DEBABB3B-DFD0-4802-94FE-786FBD8BDDD9} = {DEBABB3B-DFD0-4802-94FE-786FBD8BDDD9}
		{381D22C0-053F-437F-A4AB-3B57CB413001} = {381D22C0-053F-437F-A4AB-3B57CB413001}
	EndProjectSection
EndProject
Project("{8BC9CEB8-8B4A-11D0-8D11-00A0C91BC942}") = "MameBake3DLib", "..\MameBake3DLib\MameBake3DLib\MameBake3DLib.vcxproj", "{381D22C0-053F-437F-A4AB-3B57CB413001}"
	ProjectSection(ProjectDependencies) = postProject
		{4290AD57-72AB-4034-AA82-1EF3D9E3D545} = {4290AD57-72AB-4034-AA82-1EF3D9E3D545}
	EndProjectSection
EndProject
Project("{8BC9CEB8-8B4A-11D0-8D11-00A0C91BC942}") = "Effects11", "..\Effects11\Effects11.vcxproj", "{4290AD57-72AB-4034-AA82-1EF3D9E3D545}"
EndProject
Project("{8BC9CEB8-8B4A-11D0-8D11-00A0C91BC942}") = "DS4HidInputLib", "..\MameBake3DLib\DS4HidInputLib\DS4HidInputLib.vcxproj", "{50943E28-D093-44B3-AC1C-8F3BAC2917D2}"
EndProject
Project("{8BC9CEB8-8B4A-11D0-8D11-00A0C91BC942}") = "MotionBrushPluginsSDK", "..\MotionBrushPluginsSDK\MotionBrushPluginsSDK.vcxproj", "{DEBABB3B-DFD0-4802-94FE-786FBD8BDDD9}"
EndProject
Project("{8BC9CEB8-8B4A-11D0-8D11-00A0C91BC942}") = "MotionBrushC4", "..\MotionBrushC4\MotionBrushC4.vcxproj", "{8D3E6185-2CD6-4BD6-AE1A-46525F94E827}"
	ProjectSection(ProjectDependencies) = postProject
		{16FA9686-BD76-4B06-AE36-7B156CC35AFA} = {16FA9686-BD76-4B06-AE36-7B156CC35AFA}
	EndProjectSection
EndProject
Global
	GlobalSection(SolutionConfigurationPlatforms) = preSolution
		Debug|ARM = Debug|ARM
		Debug|ARM64 = Debug|ARM64
		Debug|Win32 = Debug|Win32
		Debug|x64 = Debug|x64
		Release|ARM = Release|ARM
		Release|ARM64 = Release|ARM64
		Release|Win32 = Release|Win32
		Release|x64 = Release|x64
	EndGlobalSection
	GlobalSection(ProjectConfigurationPlatforms) = postSolution
		{16FA9686-BD76-4B06-AE36-7B156CC35AFA}.Debug|ARM.ActiveCfg = Debug|Win32
		{16FA9686-BD76-4B06-AE36-7B156CC35AFA}.Debug|ARM64.ActiveCfg = Debug|Win32
		{16FA9686-BD76-4B06-AE36-7B156CC35AFA}.Debug|Win32.ActiveCfg = Debug|Win32
		{16FA9686-BD76-4B06-AE36-7B156CC35AFA}.Debug|Win32.Build.0 = Debug|Win32
		{16FA9686-BD76-4B06-AE36-7B156CC35AFA}.Debug|x64.ActiveCfg = Debug|x64
		{16FA9686-BD76-4B06-AE36-7B156CC35AFA}.Debug|x64.Build.0 = Debug|x64
		{16FA9686-BD76-4B06-AE36-7B156CC35AFA}.Release|ARM.ActiveCfg = Release|Win32
		{16FA9686-BD76-4B06-AE36-7B156CC35AFA}.Release|ARM64.ActiveCfg = Release|Win32
		{16FA9686-BD76-4B06-AE36-7B156CC35AFA}.Release|Win32.ActiveCfg = Release|Win32
		{16FA9686-BD76-4B06-AE36-7B156CC35AFA}.Release|Win32.Build.0 = Release|Win32
		{16FA9686-BD76-4B06-AE36-7B156CC35AFA}.Release|x64.ActiveCfg = Release|x64
		{16FA9686-BD76-4B06-AE36-7B156CC35AFA}.Release|x64.Build.0 = Release|x64
		{381D22C0-053F-437F-A4AB-3B57CB413001}.Debug|ARM.ActiveCfg = Debug|Win32
		{381D22C0-053F-437F-A4AB-3B57CB413001}.Debug|ARM64.ActiveCfg = Debug|Win32
		{381D22C0-053F-437F-A4AB-3B57CB413001}.Debug|Win32.ActiveCfg = Debug|Win32
		{381D22C0-053F-437F-A4AB-3B57CB413001}.Debug|Win32.Build.0 = Debug|Win32
		{381D22C0-053F-437F-A4AB-3B57CB413001}.Debug|x64.ActiveCfg = Debug|x64
		{381D22C0-053F-437F-A4AB-3B57CB413001}.Debug|x64.Build.0 = Debug|x64
		{381D22C0-053F-437F-A4AB-3B57CB413001}.Release|ARM.ActiveCfg = Release|Win32
		{381D22C0-053F-437F-A4AB-3B57CB413001}.Release|ARM64.ActiveCfg = Release|Win32
		{381D22C0-053F-437F-A4AB-3B57CB413001}.Release|Win32.ActiveCfg = Release|Win32
		{381D22C0-053F-437F-A4AB-3B57CB413001}.Release|Win32.Build.0 = Release|Win32
		{381D22C0-053F-437F-A4AB-3B57CB413001}.Release|x64.ActiveCfg = Release|x64
		{381D22C0-053F-437F-A4AB-3B57CB413001}.Release|x64.Build.0 = Release|x64
		{4290AD57-72AB-4034-AA82-1EF3D9E3D545}.Debug|ARM.ActiveCfg = Debug|Win32
		{4290AD57-72AB-4034-AA82-1EF3D9E3D545}.Debug|ARM64.ActiveCfg = Debug|Win32
		{4290AD57-72AB-4034-AA82-1EF3D9E3D545}.Debug|Win32.ActiveCfg = Debug|Win32
		{4290AD57-72AB-4034-AA82-1EF3D9E3D545}.Debug|Win32.Build.0 = Debug|Win32
		{4290AD57-72AB-4034-AA82-1EF3D9E3D545}.Debug|x64.ActiveCfg = Debug|x64
		{4290AD57-72AB-4034-AA82-1EF3D9E3D545}.Debug|x64.Build.0 = Debug|x64
		{4290AD57-72AB-4034-AA82-1EF3D9E3D545}.Release|ARM.ActiveCfg = Release|Win32
		{4290AD57-72AB-4034-AA82-1EF3D9E3D545}.Release|ARM64.ActiveCfg = Release|Win32
		{4290AD57-72AB-4034-AA82-1EF3D9E3D545}.Release|Win32.ActiveCfg = Release|Win32
		{4290AD57-72AB-4034-AA82-1EF3D9E3D545}.Release|Win32.Build.0 = Release|Win32
		{4290AD57-72AB-4034-AA82-1EF3D9E3D545}.Release|x64.ActiveCfg = Release|x64
		{4290AD57-72AB-4034-AA82-1EF3D9E3D545}.Release|x64.Build.0 = Release|x64
		{50943E28-D093-44B3-AC1C-8F3BAC2917D2}.Debug|ARM.ActiveCfg = Debug|Win32
		{50943E28-D093-44B3-AC1C-8F3BAC2917D2}.Debug|ARM64.ActiveCfg = Debug|Win32
		{50943E28-D093-44B3-AC1C-8F3BAC2917D2}.Debug|Win32.ActiveCfg = Debug|Win32
		{50943E28-D093-44B3-AC1C-8F3BAC2917D2}.Debug|Win32.Build.0 = Debug|Win32
		{50943E28-D093-44B3-AC1C-8F3BAC2917D2}.Debug|x64.ActiveCfg = Debug|x64
		{50943E28-D093-44B3-AC1C-8F3BAC2917D2}.Debug|x64.Build.0 = Debug|x64
		{50943E28-D093-44B3-AC1C-8F3BAC2917D2}.Release|ARM.ActiveCfg = Release|Win32
		{50943E28-D093-44B3-AC1C-8F3BAC2917D2}.Release|ARM64.ActiveCfg = Release|Win32
		{50943E28-D093-44B3-AC1C-8F3BAC2917D2}.Release|Win32.ActiveCfg = Release|Win32
		{50943E28-D093-44B3-AC1C-8F3BAC2917D2}.Release|Win32.Build.0 = Release|Win32
		{50943E28-D093-44B3-AC1C-8F3BAC2917D2}.Release|x64.ActiveCfg = Release|x64
		{50943E28-D093-44B3-AC1C-8F3BAC2917D2}.Release|x64.Build.0 = Release|x64
		{DEBABB3B-DFD0-4802-94FE-786FBD8BDDD9}.Debug|ARM.ActiveCfg = Debug|Win32
		{DEBABB3B-DFD0-4802-94FE-786FBD8BDDD9}.Debug|ARM64.ActiveCfg = Debug|Win32
		{DEBABB3B-DFD0-4802-94FE-786FBD8BDDD9}.Debug|Win32.ActiveCfg = Debug|Win32
		{DEBABB3B-DFD0-4802-94FE-786FBD8BDDD9}.Debug|Win32.Build.0 = Debug|Win32
		{DEBABB3B-DFD0-4802-94FE-786FBD8BDDD9}.Debug|x64.ActiveCfg = Debug|x64
		{DEBABB3B-DFD0-4802-94FE-786FBD8BDDD9}.Debug|x64.Build.0 = Debug|x64
		{DEBABB3B-DFD0-4802-94FE-786FBD8BDDD9}.Release|ARM.ActiveCfg = Release|Win32
		{DEBABB3B-DFD0-4802-94FE-786FBD8BDDD9}.Release|ARM64.ActiveCfg = Release|Win32
		{DEBABB3B-DFD0-4802-94FE-786FBD8BDDD9}.Release|Win32.ActiveCfg = Release|Win32
		{DEBABB3B-DFD0-4802-94FE-786FBD8BDDD9}.Release|Win32.Build.0 = Release|Win32
		{DEBABB3B-DFD0-4802-94FE-786FBD8BDDD9}.Release|x64.ActiveCfg = Release|x64
		{DEBABB3B-DFD0-4802-94FE-786FBD8BDDD9}.Release|x64.Build.0 = Release|x64
		{8D3E6185-2CD6-4BD6-AE1A-46525F94E827}.Debug|ARM.ActiveCfg = Debug|Win32
		{8D3E6185-2CD6-4BD6-AE1A-46525F94E827}.Debug|ARM64.ActiveCfg = Debug|Win32
		{8D3E6185-2CD6-4BD6-AE1A-46525F94E827}.Debug|Win32.ActiveCfg = Debug|Win32
		{8D3E6185-2CD6-4BD6-AE1A-46525F94E827}.Debug|Win32.Build.0 = Debug|Win32
		{8D3E6185-2CD6-4BD6-AE1A-46525F94E827}.Debug|x64.ActiveCfg = Debug|x64
		{8D3E6185-2CD6-4BD6-AE1A-46525F94E827}.Debug|x64.Build.0 = Debug|x64
		{8D3E6185-2CD6-4BD6-AE1A-46525F94E827}.Release|ARM.ActiveCfg = Release|Win32
		{8D3E6185-2CD6-4BD6-AE1A-46525F94E827}.Release|ARM64.ActiveCfg = Release|Win32
		{8D3E6185-2CD6-4BD6-AE1A-46525F94E827}.Release|Win32.ActiveCfg = Release|Win32
		{8D3E6185-2CD6-4BD6-AE1A-46525F94E827}.Release|Win32.Build.0 = Release|Win32
		{8D3E6185-2CD6-4BD6-AE1A-46525F94E827}.Release|x64.ActiveCfg = Release|x64
		{8D3E6185-2CD6-4BD6-AE1A-46525F94E827}.Release|x64.Build.0 = Release|x64
	EndGlobalSection
	GlobalSection(SolutionProperties) = preSolution
		HideSolutionNode = FALSE
	EndGlobalSection
	GlobalSection(ExtensibilityGlobals) = postSolution
		SolutionGuid = {5E5A70B2-EED8-4010-BE42-42B5D30F0282}
	EndGlobalSection
EndGlobal
