
Microsoft Visual Studio Solution File, Format Version 12.00
# Visual Studio Version 16
VisualStudioVersion = 16.0.31112.23
MinimumVisualStudioVersion = 10.0.40219.1
Project("{8BC9CEB8-8B4A-11D0-8D11-00A0C91BC942}") = "MameBake3D", "MameBake3D.vcxproj", "{16FA9686-BD76-4B06-AE36-7B156CC35AFA}"
	ProjectSection(ProjectDependencies) = postProject
		{50943E28-D093-44B3-AC1C-8F3BAC2917D2} = {50943E28-D093-44B3-AC1C-8F3BAC2917D2}
		{381D22C0-053F-437F-A4AB-3B57CB413001} = {381D22C0-053F-437F-A4AB-3B57CB413001}
	EndProjectSection
EndProject
Project("{8BC9CEB8-8B4A-11D0-8D11-00A0C91BC942}") = "MameBake3DLib", "..\MameBake3DLib\MameBake3DLib\MameBake3DLib.vcxproj", "{381D22C0-053F-437F-A4AB-3B57CB413001}"
	ProjectSection(ProjectDependencies) = postProject
		{CA222FF8-194A-4AD3-A782-750E286A7683} = {CA222FF8-194A-4AD3-A782-750E286A7683}
	EndProjectSection
EndProject
Project("{8BC9CEB8-8B4A-11D0-8D11-00A0C91BC942}") = "DS4HidInputLib", "..\MameBake3DLib\DS4HidInputLib\DS4HidInputLib.vcxproj", "{50943E28-D093-44B3-AC1C-8F3BAC2917D2}"
EndProject
Project("{8BC9CEB8-8B4A-11D0-8D11-00A0C91BC942}") = "MotionBrushC4", "..\MotionBrushC4\MotionBrushC4.vcxproj", "{8D3E6185-2CD6-4BD6-AE1A-46525F94E827}"
	ProjectSection(ProjectDependencies) = postProject
		{16FA9686-BD76-4B06-AE36-7B156CC35AFA} = {16FA9686-BD76-4B06-AE36-7B156CC35AFA}
	EndProjectSection
EndProject
Project("{8BC9CEB8-8B4A-11D0-8D11-00A0C91BC942}") = "BulletPhysicsLib", "..\BulletPhysicsLib\BulletPhysicsLib.vcxproj", "{CA222FF8-194A-4AD3-A782-750E286A7683}"
EndProject
Project("{2150E333-8FDC-42A3-9474-1A3956D46DE8}") = "PluginsSDK", "PluginsSDK", "{5FE767E0-B2AD-411A-8398-3F0876F2691D}"
EndProject
Project("{8BC9CEB8-8B4A-11D0-8D11-00A0C91BC942}") = "CapBrush", "..\MBPluginsSDK\CapBrush\CapBrush.vcxproj", "{685F9058-0508-465F-8241-7B18E04DE02C}"
EndProject
Project("{8BC9CEB8-8B4A-11D0-8D11-00A0C91BC942}") = "CosBrush", "..\MBPluginsSDK\CosBrush\CosBrush.vcxproj", "{717911CA-5A6B-4301-8F81-07E59DE3B8AC}"
EndProject
Project("{8BC9CEB8-8B4A-11D0-8D11-00A0C91BC942}") = "Cos2Brush", "..\MBPluginsSDK\Cos2Brush\Cos2Brush.vcxproj", "{03DE3FA1-540A-42E8-A21E-01E748C2CAD1}"
EndProject
Project("{8BC9CEB8-8B4A-11D0-8D11-00A0C91BC942}") = "Punch1Brush", "..\MBPluginsSDK\Punch1Brush\Punch1Brush.vcxproj", "{99CBE270-991B-4CE4-AA08-4C287B07C48F}"
EndProject
Project("{8BC9CEB8-8B4A-11D0-8D11-00A0C91BC942}") = "Punch2Brush", "..\MBPluginsSDK\Punch2Brush\Punch2Brush.vcxproj", "{F95BF8DF-852C-4E04-9D4C-3992A52A1EF1}"
EndProject
Project("{8BC9CEB8-8B4A-11D0-8D11-00A0C91BC942}") = "RectBrush", "..\MBPluginsSDK\RectBrush\RectBrush.vcxproj", "{8BE7704E-369F-4630-ADD8-AFCD72CA2D35}"
EndProject
Project("{8BC9CEB8-8B4A-11D0-8D11-00A0C91BC942}") = "SawBrush", "..\MBPluginsSDK\SawBrush\SawBrush.vcxproj", "{9C52397B-6015-4CCE-BCF6-5F6992125435}"
EndProject
Project("{8BC9CEB8-8B4A-11D0-8D11-00A0C91BC942}") = "UpCosBrush", "..\MBPluginsSDK\UpCosBrush\UpCosBrush.vcxproj", "{FEDE060E-F19D-4680-ACA0-C711E148EBE9}"
EndProject
Project("{8BC9CEB8-8B4A-11D0-8D11-00A0C91BC942}") = "UpLinearBrush", "..\MBPluginsSDK\UpLinearBrush\UpLinearBrush.vcxproj", "{07EA6B92-803E-4B89-A9AF-D2943152EDD8}"
EndProject
Project("{8BC9CEB8-8B4A-11D0-8D11-00A0C91BC942}") = "UpX2Brush", "..\MBPluginsSDK\UpX2Brush\UpX2Brush.vcxproj", "{F8E7F942-5D8F-4304-810A-26A842748B50}"
EndProject
Project("{8BC9CEB8-8B4A-11D0-8D11-00A0C91BC942}") = "X2NeedleBrush", "..\MBPluginsSDK\X2NeedleBrush\X2NeedleBrush.vcxproj", "{AFFBB2CF-3F1D-4C67-AD25-2C39010104AF}"
EndProject
Project("{8BC9CEB8-8B4A-11D0-8D11-00A0C91BC942}") = "Effects11", "..\Effects11\Effects11_2019_Win10.vcxproj", "{DF460EAB-570D-4B50-9089-2E2FC801BF38}"
EndProject
Global
	GlobalSection(SolutionConfigurationPlatforms) = preSolution
		Debug|ARM = Debug|ARM
		Debug|ARM64 = Debug|ARM64
		Debug|Win32 = Debug|Win32
		Debug|x64 = Debug|x64
		Profile|ARM = Profile|ARM
		Profile|ARM64 = Profile|ARM64
		Profile|Win32 = Profile|Win32
		Profile|x64 = Profile|x64
		Release|ARM = Release|ARM
		Release|ARM64 = Release|ARM64
		Release|Win32 = Release|Win32
		Release|x64 = Release|x64
	EndGlobalSection
	GlobalSection(ProjectConfigurationPlatforms) = postSolution
		{16FA9686-BD76-4B06-AE36-7B156CC35AFA}.Debug|ARM.ActiveCfg = Debug|Win32
		{16FA9686-BD76-4B06-AE36-7B156CC35AFA}.Debug|ARM64.ActiveCfg = Debug|Win32
		{16FA9686-BD76-4B06-AE36-7B156CC35AFA}.Debug|Win32.ActiveCfg = Debug|Win32
		{16FA9686-BD76-4B06-AE36-7B156CC35AFA}.Debug|Win32.Build.0 = Debug|Win32
		{16FA9686-BD76-4B06-AE36-7B156CC35AFA}.Debug|x64.ActiveCfg = Debug|x64
		{16FA9686-BD76-4B06-AE36-7B156CC35AFA}.Debug|x64.Build.0 = Debug|x64
		{16FA9686-BD76-4B06-AE36-7B156CC35AFA}.Profile|ARM.ActiveCfg = Release|x64
		{16FA9686-BD76-4B06-AE36-7B156CC35AFA}.Profile|ARM.Build.0 = Release|x64
		{16FA9686-BD76-4B06-AE36-7B156CC35AFA}.Profile|ARM64.ActiveCfg = Release|x64
		{16FA9686-BD76-4B06-AE36-7B156CC35AFA}.Profile|ARM64.Build.0 = Release|x64
		{16FA9686-BD76-4B06-AE36-7B156CC35AFA}.Profile|Win32.ActiveCfg = Release|Win32
		{16FA9686-BD76-4B06-AE36-7B156CC35AFA}.Profile|Win32.Build.0 = Release|Win32
		{16FA9686-BD76-4B06-AE36-7B156CC35AFA}.Profile|x64.ActiveCfg = Release|x64
		{16FA9686-BD76-4B06-AE36-7B156CC35AFA}.Profile|x64.Build.0 = Release|x64
		{16FA9686-BD76-4B06-AE36-7B156CC35AFA}.Release|ARM.ActiveCfg = Release|Win32
		{16FA9686-BD76-4B06-AE36-7B156CC35AFA}.Release|ARM64.ActiveCfg = Release|Win32
		{16FA9686-BD76-4B06-AE36-7B156CC35AFA}.Release|Win32.ActiveCfg = Release|Win32
		{16FA9686-BD76-4B06-AE36-7B156CC35AFA}.Release|Win32.Build.0 = Release|Win32
		{16FA9686-BD76-4B06-AE36-7B156CC35AFA}.Release|x64.ActiveCfg = Release|x64
		{16FA9686-BD76-4B06-AE36-7B156CC35AFA}.Release|x64.Build.0 = Release|x64
		{381D22C0-053F-437F-A4AB-3B57CB413001}.Debug|ARM.ActiveCfg = Debug|Win32
		{381D22C0-053F-437F-A4AB-3B57CB413001}.Debug|ARM64.ActiveCfg = Debug|Win32
		{381D22C0-053F-437F-A4AB-3B57CB413001}.Debug|Win32.ActiveCfg = Debug|Win32
		{381D22C0-053F-437F-A4AB-3B57CB413001}.Debug|Win32.Build.0 = Debug|Win32
		{381D22C0-053F-437F-A4AB-3B57CB413001}.Debug|x64.ActiveCfg = Debug|x64
		{381D22C0-053F-437F-A4AB-3B57CB413001}.Debug|x64.Build.0 = Debug|x64
		{381D22C0-053F-437F-A4AB-3B57CB413001}.Profile|ARM.ActiveCfg = Release|x64
		{381D22C0-053F-437F-A4AB-3B57CB413001}.Profile|ARM.Build.0 = Release|x64
		{381D22C0-053F-437F-A4AB-3B57CB413001}.Profile|ARM64.ActiveCfg = Release|x64
		{381D22C0-053F-437F-A4AB-3B57CB413001}.Profile|ARM64.Build.0 = Release|x64
		{381D22C0-053F-437F-A4AB-3B57CB413001}.Profile|Win32.ActiveCfg = Release|Win32
		{381D22C0-053F-437F-A4AB-3B57CB413001}.Profile|Win32.Build.0 = Release|Win32
		{381D22C0-053F-437F-A4AB-3B57CB413001}.Profile|x64.ActiveCfg = Release|x64
		{381D22C0-053F-437F-A4AB-3B57CB413001}.Profile|x64.Build.0 = Release|x64
		{381D22C0-053F-437F-A4AB-3B57CB413001}.Release|ARM.ActiveCfg = Release|Win32
		{381D22C0-053F-437F-A4AB-3B57CB413001}.Release|ARM64.ActiveCfg = Release|Win32
		{381D22C0-053F-437F-A4AB-3B57CB413001}.Release|Win32.ActiveCfg = Release|Win32
		{381D22C0-053F-437F-A4AB-3B57CB413001}.Release|Win32.Build.0 = Release|Win32
		{381D22C0-053F-437F-A4AB-3B57CB413001}.Release|x64.ActiveCfg = Release|x64
		{381D22C0-053F-437F-A4AB-3B57CB413001}.Release|x64.Build.0 = Release|x64
		{50943E28-D093-44B3-AC1C-8F3BAC2917D2}.Debug|ARM.ActiveCfg = Debug|Win32
		{50943E28-D093-44B3-AC1C-8F3BAC2917D2}.Debug|ARM64.ActiveCfg = Debug|Win32
		{50943E28-D093-44B3-AC1C-8F3BAC2917D2}.Debug|Win32.ActiveCfg = Debug|Win32
		{50943E28-D093-44B3-AC1C-8F3BAC2917D2}.Debug|Win32.Build.0 = Debug|Win32
		{50943E28-D093-44B3-AC1C-8F3BAC2917D2}.Debug|x64.ActiveCfg = Debug|x64
		{50943E28-D093-44B3-AC1C-8F3BAC2917D2}.Debug|x64.Build.0 = Debug|x64
		{50943E28-D093-44B3-AC1C-8F3BAC2917D2}.Profile|ARM.ActiveCfg = Release|x64
		{50943E28-D093-44B3-AC1C-8F3BAC2917D2}.Profile|ARM.Build.0 = Release|x64
		{50943E28-D093-44B3-AC1C-8F3BAC2917D2}.Profile|ARM64.ActiveCfg = Release|x64
		{50943E28-D093-44B3-AC1C-8F3BAC2917D2}.Profile|ARM64.Build.0 = Release|x64
		{50943E28-D093-44B3-AC1C-8F3BAC2917D2}.Profile|Win32.ActiveCfg = Release|Win32
		{50943E28-D093-44B3-AC1C-8F3BAC2917D2}.Profile|Win32.Build.0 = Release|Win32
		{50943E28-D093-44B3-AC1C-8F3BAC2917D2}.Profile|x64.ActiveCfg = Release|x64
		{50943E28-D093-44B3-AC1C-8F3BAC2917D2}.Profile|x64.Build.0 = Release|x64
		{50943E28-D093-44B3-AC1C-8F3BAC2917D2}.Release|ARM.ActiveCfg = Release|Win32
		{50943E28-D093-44B3-AC1C-8F3BAC2917D2}.Release|ARM64.ActiveCfg = Release|Win32
		{50943E28-D093-44B3-AC1C-8F3BAC2917D2}.Release|Win32.ActiveCfg = Release|Win32
		{50943E28-D093-44B3-AC1C-8F3BAC2917D2}.Release|Win32.Build.0 = Release|Win32
		{50943E28-D093-44B3-AC1C-8F3BAC2917D2}.Release|x64.ActiveCfg = Release|x64
		{50943E28-D093-44B3-AC1C-8F3BAC2917D2}.Release|x64.Build.0 = Release|x64
		{8D3E6185-2CD6-4BD6-AE1A-46525F94E827}.Debug|ARM.ActiveCfg = Debug|Win32
		{8D3E6185-2CD6-4BD6-AE1A-46525F94E827}.Debug|ARM64.ActiveCfg = Debug|Win32
		{8D3E6185-2CD6-4BD6-AE1A-46525F94E827}.Debug|Win32.ActiveCfg = Debug|Win32
		{8D3E6185-2CD6-4BD6-AE1A-46525F94E827}.Debug|Win32.Build.0 = Debug|Win32
		{8D3E6185-2CD6-4BD6-AE1A-46525F94E827}.Debug|x64.ActiveCfg = Debug|x64
		{8D3E6185-2CD6-4BD6-AE1A-46525F94E827}.Debug|x64.Build.0 = Debug|x64
		{8D3E6185-2CD6-4BD6-AE1A-46525F94E827}.Profile|ARM.ActiveCfg = Release|x64
		{8D3E6185-2CD6-4BD6-AE1A-46525F94E827}.Profile|ARM.Build.0 = Release|x64
		{8D3E6185-2CD6-4BD6-AE1A-46525F94E827}.Profile|ARM64.ActiveCfg = Release|x64
		{8D3E6185-2CD6-4BD6-AE1A-46525F94E827}.Profile|ARM64.Build.0 = Release|x64
		{8D3E6185-2CD6-4BD6-AE1A-46525F94E827}.Profile|Win32.ActiveCfg = Release|Win32
		{8D3E6185-2CD6-4BD6-AE1A-46525F94E827}.Profile|Win32.Build.0 = Release|Win32
		{8D3E6185-2CD6-4BD6-AE1A-46525F94E827}.Profile|x64.ActiveCfg = Release|x64
		{8D3E6185-2CD6-4BD6-AE1A-46525F94E827}.Profile|x64.Build.0 = Release|x64
		{8D3E6185-2CD6-4BD6-AE1A-46525F94E827}.Release|ARM.ActiveCfg = Release|Win32
		{8D3E6185-2CD6-4BD6-AE1A-46525F94E827}.Release|ARM64.ActiveCfg = Release|Win32
		{8D3E6185-2CD6-4BD6-AE1A-46525F94E827}.Release|Win32.ActiveCfg = Release|Win32
		{8D3E6185-2CD6-4BD6-AE1A-46525F94E827}.Release|Win32.Build.0 = Release|Win32
		{8D3E6185-2CD6-4BD6-AE1A-46525F94E827}.Release|x64.ActiveCfg = Release|x64
		{8D3E6185-2CD6-4BD6-AE1A-46525F94E827}.Release|x64.Build.0 = Release|x64
		{CA222FF8-194A-4AD3-A782-750E286A7683}.Debug|ARM.ActiveCfg = Debug|Win32
		{CA222FF8-194A-4AD3-A782-750E286A7683}.Debug|ARM64.ActiveCfg = Debug|Win32
		{CA222FF8-194A-4AD3-A782-750E286A7683}.Debug|Win32.ActiveCfg = Debug|Win32
		{CA222FF8-194A-4AD3-A782-750E286A7683}.Debug|Win32.Build.0 = Debug|Win32
		{CA222FF8-194A-4AD3-A782-750E286A7683}.Debug|x64.ActiveCfg = Debug|x64
		{CA222FF8-194A-4AD3-A782-750E286A7683}.Debug|x64.Build.0 = Debug|x64
		{CA222FF8-194A-4AD3-A782-750E286A7683}.Profile|ARM.ActiveCfg = Release|x64
		{CA222FF8-194A-4AD3-A782-750E286A7683}.Profile|ARM.Build.0 = Release|x64
		{CA222FF8-194A-4AD3-A782-750E286A7683}.Profile|ARM64.ActiveCfg = Release|x64
		{CA222FF8-194A-4AD3-A782-750E286A7683}.Profile|ARM64.Build.0 = Release|x64
		{CA222FF8-194A-4AD3-A782-750E286A7683}.Profile|Win32.ActiveCfg = Release|Win32
		{CA222FF8-194A-4AD3-A782-750E286A7683}.Profile|Win32.Build.0 = Release|Win32
		{CA222FF8-194A-4AD3-A782-750E286A7683}.Profile|x64.ActiveCfg = Release|x64
		{CA222FF8-194A-4AD3-A782-750E286A7683}.Profile|x64.Build.0 = Release|x64
		{CA222FF8-194A-4AD3-A782-750E286A7683}.Release|ARM.ActiveCfg = Release|Win32
		{CA222FF8-194A-4AD3-A782-750E286A7683}.Release|ARM64.ActiveCfg = Release|Win32
		{CA222FF8-194A-4AD3-A782-750E286A7683}.Release|Win32.ActiveCfg = Release|Win32
		{CA222FF8-194A-4AD3-A782-750E286A7683}.Release|Win32.Build.0 = Release|Win32
		{CA222FF8-194A-4AD3-A782-750E286A7683}.Release|x64.ActiveCfg = Release|x64
		{CA222FF8-194A-4AD3-A782-750E286A7683}.Release|x64.Build.0 = Release|x64
		{685F9058-0508-465F-8241-7B18E04DE02C}.Debug|ARM.ActiveCfg = Debug|Win32
		{685F9058-0508-465F-8241-7B18E04DE02C}.Debug|ARM64.ActiveCfg = Debug|Win32
		{685F9058-0508-465F-8241-7B18E04DE02C}.Debug|Win32.ActiveCfg = Debug|Win32
		{685F9058-0508-465F-8241-7B18E04DE02C}.Debug|Win32.Build.0 = Debug|Win32
		{685F9058-0508-465F-8241-7B18E04DE02C}.Debug|x64.ActiveCfg = Debug|x64
		{685F9058-0508-465F-8241-7B18E04DE02C}.Debug|x64.Build.0 = Debug|x64
		{685F9058-0508-465F-8241-7B18E04DE02C}.Profile|ARM.ActiveCfg = Release|x64
		{685F9058-0508-465F-8241-7B18E04DE02C}.Profile|ARM.Build.0 = Release|x64
		{685F9058-0508-465F-8241-7B18E04DE02C}.Profile|ARM64.ActiveCfg = Release|x64
		{685F9058-0508-465F-8241-7B18E04DE02C}.Profile|ARM64.Build.0 = Release|x64
		{685F9058-0508-465F-8241-7B18E04DE02C}.Profile|Win32.ActiveCfg = Release|Win32
		{685F9058-0508-465F-8241-7B18E04DE02C}.Profile|Win32.Build.0 = Release|Win32
		{685F9058-0508-465F-8241-7B18E04DE02C}.Profile|x64.ActiveCfg = Release|x64
		{685F9058-0508-465F-8241-7B18E04DE02C}.Profile|x64.Build.0 = Release|x64
		{685F9058-0508-465F-8241-7B18E04DE02C}.Release|ARM.ActiveCfg = Release|Win32
		{685F9058-0508-465F-8241-7B18E04DE02C}.Release|ARM64.ActiveCfg = Release|Win32
		{685F9058-0508-465F-8241-7B18E04DE02C}.Release|Win32.ActiveCfg = Release|Win32
		{685F9058-0508-465F-8241-7B18E04DE02C}.Release|Win32.Build.0 = Release|Win32
		{685F9058-0508-465F-8241-7B18E04DE02C}.Release|x64.ActiveCfg = Release|x64
		{685F9058-0508-465F-8241-7B18E04DE02C}.Release|x64.Build.0 = Release|x64
		{717911CA-5A6B-4301-8F81-07E59DE3B8AC}.Debug|ARM.ActiveCfg = Debug|Win32
		{717911CA-5A6B-4301-8F81-07E59DE3B8AC}.Debug|ARM64.ActiveCfg = Debug|Win32
		{717911CA-5A6B-4301-8F81-07E59DE3B8AC}.Debug|Win32.ActiveCfg = Debug|Win32
		{717911CA-5A6B-4301-8F81-07E59DE3B8AC}.Debug|Win32.Build.0 = Debug|Win32
		{717911CA-5A6B-4301-8F81-07E59DE3B8AC}.Debug|x64.ActiveCfg = Debug|x64
		{717911CA-5A6B-4301-8F81-07E59DE3B8AC}.Debug|x64.Build.0 = Debug|x64
		{717911CA-5A6B-4301-8F81-07E59DE3B8AC}.Profile|ARM.ActiveCfg = Release|x64
		{717911CA-5A6B-4301-8F81-07E59DE3B8AC}.Profile|ARM.Build.0 = Release|x64
		{717911CA-5A6B-4301-8F81-07E59DE3B8AC}.Profile|ARM64.ActiveCfg = Release|x64
		{717911CA-5A6B-4301-8F81-07E59DE3B8AC}.Profile|ARM64.Build.0 = Release|x64
		{717911CA-5A6B-4301-8F81-07E59DE3B8AC}.Profile|Win32.ActiveCfg = Release|Win32
		{717911CA-5A6B-4301-8F81-07E59DE3B8AC}.Profile|Win32.Build.0 = Release|Win32
		{717911CA-5A6B-4301-8F81-07E59DE3B8AC}.Profile|x64.ActiveCfg = Release|x64
		{717911CA-5A6B-4301-8F81-07E59DE3B8AC}.Profile|x64.Build.0 = Release|x64
		{717911CA-5A6B-4301-8F81-07E59DE3B8AC}.Release|ARM.ActiveCfg = Release|Win32
		{717911CA-5A6B-4301-8F81-07E59DE3B8AC}.Release|ARM64.ActiveCfg = Release|Win32
		{717911CA-5A6B-4301-8F81-07E59DE3B8AC}.Release|Win32.ActiveCfg = Release|Win32
		{717911CA-5A6B-4301-8F81-07E59DE3B8AC}.Release|Win32.Build.0 = Release|Win32
		{717911CA-5A6B-4301-8F81-07E59DE3B8AC}.Release|x64.ActiveCfg = Release|x64
		{717911CA-5A6B-4301-8F81-07E59DE3B8AC}.Release|x64.Build.0 = Release|x64
		{03DE3FA1-540A-42E8-A21E-01E748C2CAD1}.Debug|ARM.ActiveCfg = Debug|Win32
		{03DE3FA1-540A-42E8-A21E-01E748C2CAD1}.Debug|ARM64.ActiveCfg = Debug|Win32
		{03DE3FA1-540A-42E8-A21E-01E748C2CAD1}.Debug|Win32.ActiveCfg = Debug|Win32
		{03DE3FA1-540A-42E8-A21E-01E748C2CAD1}.Debug|Win32.Build.0 = Debug|Win32
		{03DE3FA1-540A-42E8-A21E-01E748C2CAD1}.Debug|x64.ActiveCfg = Debug|x64
		{03DE3FA1-540A-42E8-A21E-01E748C2CAD1}.Debug|x64.Build.0 = Debug|x64
		{03DE3FA1-540A-42E8-A21E-01E748C2CAD1}.Profile|ARM.ActiveCfg = Release|x64
		{03DE3FA1-540A-42E8-A21E-01E748C2CAD1}.Profile|ARM.Build.0 = Release|x64
		{03DE3FA1-540A-42E8-A21E-01E748C2CAD1}.Profile|ARM64.ActiveCfg = Release|x64
		{03DE3FA1-540A-42E8-A21E-01E748C2CAD1}.Profile|ARM64.Build.0 = Release|x64
		{03DE3FA1-540A-42E8-A21E-01E748C2CAD1}.Profile|Win32.ActiveCfg = Release|Win32
		{03DE3FA1-540A-42E8-A21E-01E748C2CAD1}.Profile|Win32.Build.0 = Release|Win32
		{03DE3FA1-540A-42E8-A21E-01E748C2CAD1}.Profile|x64.ActiveCfg = Release|x64
		{03DE3FA1-540A-42E8-A21E-01E748C2CAD1}.Profile|x64.Build.0 = Release|x64
		{03DE3FA1-540A-42E8-A21E-01E748C2CAD1}.Release|ARM.ActiveCfg = Release|Win32
		{03DE3FA1-540A-42E8-A21E-01E748C2CAD1}.Release|ARM64.ActiveCfg = Release|Win32
		{03DE3FA1-540A-42E8-A21E-01E748C2CAD1}.Release|Win32.ActiveCfg = Release|Win32
		{03DE3FA1-540A-42E8-A21E-01E748C2CAD1}.Release|Win32.Build.0 = Release|Win32
		{03DE3FA1-540A-42E8-A21E-01E748C2CAD1}.Release|x64.ActiveCfg = Release|x64
		{03DE3FA1-540A-42E8-A21E-01E748C2CAD1}.Release|x64.Build.0 = Release|x64
		{99CBE270-991B-4CE4-AA08-4C287B07C48F}.Debug|ARM.ActiveCfg = Debug|Win32
		{99CBE270-991B-4CE4-AA08-4C287B07C48F}.Debug|ARM64.ActiveCfg = Debug|Win32
		{99CBE270-991B-4CE4-AA08-4C287B07C48F}.Debug|Win32.ActiveCfg = Debug|Win32
		{99CBE270-991B-4CE4-AA08-4C287B07C48F}.Debug|Win32.Build.0 = Debug|Win32
		{99CBE270-991B-4CE4-AA08-4C287B07C48F}.Debug|x64.ActiveCfg = Debug|x64
		{99CBE270-991B-4CE4-AA08-4C287B07C48F}.Debug|x64.Build.0 = Debug|x64
		{99CBE270-991B-4CE4-AA08-4C287B07C48F}.Profile|ARM.ActiveCfg = Release|x64
		{99CBE270-991B-4CE4-AA08-4C287B07C48F}.Profile|ARM.Build.0 = Release|x64
		{99CBE270-991B-4CE4-AA08-4C287B07C48F}.Profile|ARM64.ActiveCfg = Release|x64
		{99CBE270-991B-4CE4-AA08-4C287B07C48F}.Profile|ARM64.Build.0 = Release|x64
		{99CBE270-991B-4CE4-AA08-4C287B07C48F}.Profile|Win32.ActiveCfg = Release|Win32
		{99CBE270-991B-4CE4-AA08-4C287B07C48F}.Profile|Win32.Build.0 = Release|Win32
		{99CBE270-991B-4CE4-AA08-4C287B07C48F}.Profile|x64.ActiveCfg = Release|x64
		{99CBE270-991B-4CE4-AA08-4C287B07C48F}.Profile|x64.Build.0 = Release|x64
		{99CBE270-991B-4CE4-AA08-4C287B07C48F}.Release|ARM.ActiveCfg = Release|Win32
		{99CBE270-991B-4CE4-AA08-4C287B07C48F}.Release|ARM64.ActiveCfg = Release|Win32
		{99CBE270-991B-4CE4-AA08-4C287B07C48F}.Release|Win32.ActiveCfg = Release|Win32
		{99CBE270-991B-4CE4-AA08-4C287B07C48F}.Release|Win32.Build.0 = Release|Win32
		{99CBE270-991B-4CE4-AA08-4C287B07C48F}.Release|x64.ActiveCfg = Release|x64
		{99CBE270-991B-4CE4-AA08-4C287B07C48F}.Release|x64.Build.0 = Release|x64
		{F95BF8DF-852C-4E04-9D4C-3992A52A1EF1}.Debug|ARM.ActiveCfg = Debug|Win32
		{F95BF8DF-852C-4E04-9D4C-3992A52A1EF1}.Debug|ARM64.ActiveCfg = Debug|Win32
		{F95BF8DF-852C-4E04-9D4C-3992A52A1EF1}.Debug|Win32.ActiveCfg = Debug|Win32
		{F95BF8DF-852C-4E04-9D4C-3992A52A1EF1}.Debug|Win32.Build.0 = Debug|Win32
		{F95BF8DF-852C-4E04-9D4C-3992A52A1EF1}.Debug|x64.ActiveCfg = Debug|x64
		{F95BF8DF-852C-4E04-9D4C-3992A52A1EF1}.Debug|x64.Build.0 = Debug|x64
		{F95BF8DF-852C-4E04-9D4C-3992A52A1EF1}.Profile|ARM.ActiveCfg = Release|x64
		{F95BF8DF-852C-4E04-9D4C-3992A52A1EF1}.Profile|ARM.Build.0 = Release|x64
		{F95BF8DF-852C-4E04-9D4C-3992A52A1EF1}.Profile|ARM64.ActiveCfg = Release|x64
		{F95BF8DF-852C-4E04-9D4C-3992A52A1EF1}.Profile|ARM64.Build.0 = Release|x64
		{F95BF8DF-852C-4E04-9D4C-3992A52A1EF1}.Profile|Win32.ActiveCfg = Release|Win32
		{F95BF8DF-852C-4E04-9D4C-3992A52A1EF1}.Profile|Win32.Build.0 = Release|Win32
		{F95BF8DF-852C-4E04-9D4C-3992A52A1EF1}.Profile|x64.ActiveCfg = Release|x64
		{F95BF8DF-852C-4E04-9D4C-3992A52A1EF1}.Profile|x64.Build.0 = Release|x64
		{F95BF8DF-852C-4E04-9D4C-3992A52A1EF1}.Release|ARM.ActiveCfg = Release|Win32
		{F95BF8DF-852C-4E04-9D4C-3992A52A1EF1}.Release|ARM64.ActiveCfg = Release|Win32
		{F95BF8DF-852C-4E04-9D4C-3992A52A1EF1}.Release|Win32.ActiveCfg = Release|Win32
		{F95BF8DF-852C-4E04-9D4C-3992A52A1EF1}.Release|Win32.Build.0 = Release|Win32
		{F95BF8DF-852C-4E04-9D4C-3992A52A1EF1}.Release|x64.ActiveCfg = Release|x64
		{F95BF8DF-852C-4E04-9D4C-3992A52A1EF1}.Release|x64.Build.0 = Release|x64
		{8BE7704E-369F-4630-ADD8-AFCD72CA2D35}.Debug|ARM.ActiveCfg = Debug|Win32
		{8BE7704E-369F-4630-ADD8-AFCD72CA2D35}.Debug|ARM64.ActiveCfg = Debug|Win32
		{8BE7704E-369F-4630-ADD8-AFCD72CA2D35}.Debug|Win32.ActiveCfg = Debug|Win32
		{8BE7704E-369F-4630-ADD8-AFCD72CA2D35}.Debug|Win32.Build.0 = Debug|Win32
		{8BE7704E-369F-4630-ADD8-AFCD72CA2D35}.Debug|x64.ActiveCfg = Debug|x64
		{8BE7704E-369F-4630-ADD8-AFCD72CA2D35}.Debug|x64.Build.0 = Debug|x64
		{8BE7704E-369F-4630-ADD8-AFCD72CA2D35}.Profile|ARM.ActiveCfg = Release|x64
		{8BE7704E-369F-4630-ADD8-AFCD72CA2D35}.Profile|ARM.Build.0 = Release|x64
		{8BE7704E-369F-4630-ADD8-AFCD72CA2D35}.Profile|ARM64.ActiveCfg = Release|x64
		{8BE7704E-369F-4630-ADD8-AFCD72CA2D35}.Profile|ARM64.Build.0 = Release|x64
		{8BE7704E-369F-4630-ADD8-AFCD72CA2D35}.Profile|Win32.ActiveCfg = Release|Win32
		{8BE7704E-369F-4630-ADD8-AFCD72CA2D35}.Profile|Win32.Build.0 = Release|Win32
		{8BE7704E-369F-4630-ADD8-AFCD72CA2D35}.Profile|x64.ActiveCfg = Release|x64
		{8BE7704E-369F-4630-ADD8-AFCD72CA2D35}.Profile|x64.Build.0 = Release|x64
		{8BE7704E-369F-4630-ADD8-AFCD72CA2D35}.Release|ARM.ActiveCfg = Release|Win32
		{8BE7704E-369F-4630-ADD8-AFCD72CA2D35}.Release|ARM64.ActiveCfg = Release|Win32
		{8BE7704E-369F-4630-ADD8-AFCD72CA2D35}.Release|Win32.ActiveCfg = Release|Win32
		{8BE7704E-369F-4630-ADD8-AFCD72CA2D35}.Release|Win32.Build.0 = Release|Win32
		{8BE7704E-369F-4630-ADD8-AFCD72CA2D35}.Release|x64.ActiveCfg = Release|x64
		{8BE7704E-369F-4630-ADD8-AFCD72CA2D35}.Release|x64.Build.0 = Release|x64
		{9C52397B-6015-4CCE-BCF6-5F6992125435}.Debug|ARM.ActiveCfg = Debug|Win32
		{9C52397B-6015-4CCE-BCF6-5F6992125435}.Debug|ARM64.ActiveCfg = Debug|Win32
		{9C52397B-6015-4CCE-BCF6-5F6992125435}.Debug|Win32.ActiveCfg = Debug|Win32
		{9C52397B-6015-4CCE-BCF6-5F6992125435}.Debug|Win32.Build.0 = Debug|Win32
		{9C52397B-6015-4CCE-BCF6-5F6992125435}.Debug|x64.ActiveCfg = Debug|x64
		{9C52397B-6015-4CCE-BCF6-5F6992125435}.Debug|x64.Build.0 = Debug|x64
		{9C52397B-6015-4CCE-BCF6-5F6992125435}.Profile|ARM.ActiveCfg = Release|x64
		{9C52397B-6015-4CCE-BCF6-5F6992125435}.Profile|ARM.Build.0 = Release|x64
		{9C52397B-6015-4CCE-BCF6-5F6992125435}.Profile|ARM64.ActiveCfg = Release|x64
		{9C52397B-6015-4CCE-BCF6-5F6992125435}.Profile|ARM64.Build.0 = Release|x64
		{9C52397B-6015-4CCE-BCF6-5F6992125435}.Profile|Win32.ActiveCfg = Release|Win32
		{9C52397B-6015-4CCE-BCF6-5F6992125435}.Profile|Win32.Build.0 = Release|Win32
		{9C52397B-6015-4CCE-BCF6-5F6992125435}.Profile|x64.ActiveCfg = Release|x64
		{9C52397B-6015-4CCE-BCF6-5F6992125435}.Profile|x64.Build.0 = Release|x64
		{9C52397B-6015-4CCE-BCF6-5F6992125435}.Release|ARM.ActiveCfg = Release|Win32
		{9C52397B-6015-4CCE-BCF6-5F6992125435}.Release|ARM64.ActiveCfg = Release|Win32
		{9C52397B-6015-4CCE-BCF6-5F6992125435}.Release|Win32.ActiveCfg = Release|Win32
		{9C52397B-6015-4CCE-BCF6-5F6992125435}.Release|Win32.Build.0 = Release|Win32
		{9C52397B-6015-4CCE-BCF6-5F6992125435}.Release|x64.ActiveCfg = Release|x64
		{9C52397B-6015-4CCE-BCF6-5F6992125435}.Release|x64.Build.0 = Release|x64
		{FEDE060E-F19D-4680-ACA0-C711E148EBE9}.Debug|ARM.ActiveCfg = Debug|Win32
		{FEDE060E-F19D-4680-ACA0-C711E148EBE9}.Debug|ARM64.ActiveCfg = Debug|Win32
		{FEDE060E-F19D-4680-ACA0-C711E148EBE9}.Debug|Win32.ActiveCfg = Debug|Win32
		{FEDE060E-F19D-4680-ACA0-C711E148EBE9}.Debug|Win32.Build.0 = Debug|Win32
		{FEDE060E-F19D-4680-ACA0-C711E148EBE9}.Debug|x64.ActiveCfg = Debug|x64
		{FEDE060E-F19D-4680-ACA0-C711E148EBE9}.Debug|x64.Build.0 = Debug|x64
		{FEDE060E-F19D-4680-ACA0-C711E148EBE9}.Profile|ARM.ActiveCfg = Release|x64
		{FEDE060E-F19D-4680-ACA0-C711E148EBE9}.Profile|ARM.Build.0 = Release|x64
		{FEDE060E-F19D-4680-ACA0-C711E148EBE9}.Profile|ARM64.ActiveCfg = Release|x64
		{FEDE060E-F19D-4680-ACA0-C711E148EBE9}.Profile|ARM64.Build.0 = Release|x64
		{FEDE060E-F19D-4680-ACA0-C711E148EBE9}.Profile|Win32.ActiveCfg = Release|Win32
		{FEDE060E-F19D-4680-ACA0-C711E148EBE9}.Profile|Win32.Build.0 = Release|Win32
		{FEDE060E-F19D-4680-ACA0-C711E148EBE9}.Profile|x64.ActiveCfg = Release|x64
		{FEDE060E-F19D-4680-ACA0-C711E148EBE9}.Profile|x64.Build.0 = Release|x64
		{FEDE060E-F19D-4680-ACA0-C711E148EBE9}.Release|ARM.ActiveCfg = Release|Win32
		{FEDE060E-F19D-4680-ACA0-C711E148EBE9}.Release|ARM64.ActiveCfg = Release|Win32
		{FEDE060E-F19D-4680-ACA0-C711E148EBE9}.Release|Win32.ActiveCfg = Release|Win32
		{FEDE060E-F19D-4680-ACA0-C711E148EBE9}.Release|Win32.Build.0 = Release|Win32
		{FEDE060E-F19D-4680-ACA0-C711E148EBE9}.Release|x64.ActiveCfg = Release|x64
		{FEDE060E-F19D-4680-ACA0-C711E148EBE9}.Release|x64.Build.0 = Release|x64
		{07EA6B92-803E-4B89-A9AF-D2943152EDD8}.Debug|ARM.ActiveCfg = Debug|Win32
		{07EA6B92-803E-4B89-A9AF-D2943152EDD8}.Debug|ARM64.ActiveCfg = Debug|Win32
		{07EA6B92-803E-4B89-A9AF-D2943152EDD8}.Debug|Win32.ActiveCfg = Debug|Win32
		{07EA6B92-803E-4B89-A9AF-D2943152EDD8}.Debug|Win32.Build.0 = Debug|Win32
		{07EA6B92-803E-4B89-A9AF-D2943152EDD8}.Debug|x64.ActiveCfg = Debug|x64
		{07EA6B92-803E-4B89-A9AF-D2943152EDD8}.Debug|x64.Build.0 = Debug|x64
		{07EA6B92-803E-4B89-A9AF-D2943152EDD8}.Profile|ARM.ActiveCfg = Release|x64
		{07EA6B92-803E-4B89-A9AF-D2943152EDD8}.Profile|ARM.Build.0 = Release|x64
		{07EA6B92-803E-4B89-A9AF-D2943152EDD8}.Profile|ARM64.ActiveCfg = Release|x64
		{07EA6B92-803E-4B89-A9AF-D2943152EDD8}.Profile|ARM64.Build.0 = Release|x64
		{07EA6B92-803E-4B89-A9AF-D2943152EDD8}.Profile|Win32.ActiveCfg = Release|Win32
		{07EA6B92-803E-4B89-A9AF-D2943152EDD8}.Profile|Win32.Build.0 = Release|Win32
		{07EA6B92-803E-4B89-A9AF-D2943152EDD8}.Profile|x64.ActiveCfg = Release|x64
		{07EA6B92-803E-4B89-A9AF-D2943152EDD8}.Profile|x64.Build.0 = Release|x64
		{07EA6B92-803E-4B89-A9AF-D2943152EDD8}.Release|ARM.ActiveCfg = Release|Win32
		{07EA6B92-803E-4B89-A9AF-D2943152EDD8}.Release|ARM64.ActiveCfg = Release|Win32
		{07EA6B92-803E-4B89-A9AF-D2943152EDD8}.Release|Win32.ActiveCfg = Release|Win32
		{07EA6B92-803E-4B89-A9AF-D2943152EDD8}.Release|Win32.Build.0 = Release|Win32
		{07EA6B92-803E-4B89-A9AF-D2943152EDD8}.Release|x64.ActiveCfg = Release|x64
		{07EA6B92-803E-4B89-A9AF-D2943152EDD8}.Release|x64.Build.0 = Release|x64
		{F8E7F942-5D8F-4304-810A-26A842748B50}.Debug|ARM.ActiveCfg = Debug|Win32
		{F8E7F942-5D8F-4304-810A-26A842748B50}.Debug|ARM64.ActiveCfg = Debug|Win32
		{F8E7F942-5D8F-4304-810A-26A842748B50}.Debug|Win32.ActiveCfg = Debug|Win32
		{F8E7F942-5D8F-4304-810A-26A842748B50}.Debug|Win32.Build.0 = Debug|Win32
		{F8E7F942-5D8F-4304-810A-26A842748B50}.Debug|x64.ActiveCfg = Debug|x64
		{F8E7F942-5D8F-4304-810A-26A842748B50}.Debug|x64.Build.0 = Debug|x64
		{F8E7F942-5D8F-4304-810A-26A842748B50}.Profile|ARM.ActiveCfg = Release|x64
		{F8E7F942-5D8F-4304-810A-26A842748B50}.Profile|ARM.Build.0 = Release|x64
		{F8E7F942-5D8F-4304-810A-26A842748B50}.Profile|ARM64.ActiveCfg = Release|x64
		{F8E7F942-5D8F-4304-810A-26A842748B50}.Profile|ARM64.Build.0 = Release|x64
		{F8E7F942-5D8F-4304-810A-26A842748B50}.Profile|Win32.ActiveCfg = Release|Win32
		{F8E7F942-5D8F-4304-810A-26A842748B50}.Profile|Win32.Build.0 = Release|Win32
		{F8E7F942-5D8F-4304-810A-26A842748B50}.Profile|x64.ActiveCfg = Release|x64
		{F8E7F942-5D8F-4304-810A-26A842748B50}.Profile|x64.Build.0 = Release|x64
		{F8E7F942-5D8F-4304-810A-26A842748B50}.Release|ARM.ActiveCfg = Release|Win32
		{F8E7F942-5D8F-4304-810A-26A842748B50}.Release|ARM64.ActiveCfg = Release|Win32
		{F8E7F942-5D8F-4304-810A-26A842748B50}.Release|Win32.ActiveCfg = Release|Win32
		{F8E7F942-5D8F-4304-810A-26A842748B50}.Release|Win32.Build.0 = Release|Win32
		{F8E7F942-5D8F-4304-810A-26A842748B50}.Release|x64.ActiveCfg = Release|x64
		{F8E7F942-5D8F-4304-810A-26A842748B50}.Release|x64.Build.0 = Release|x64
		{AFFBB2CF-3F1D-4C67-AD25-2C39010104AF}.Debug|ARM.ActiveCfg = Debug|Win32
		{AFFBB2CF-3F1D-4C67-AD25-2C39010104AF}.Debug|ARM64.ActiveCfg = Debug|Win32
		{AFFBB2CF-3F1D-4C67-AD25-2C39010104AF}.Debug|Win32.ActiveCfg = Debug|Win32
		{AFFBB2CF-3F1D-4C67-AD25-2C39010104AF}.Debug|Win32.Build.0 = Debug|Win32
		{AFFBB2CF-3F1D-4C67-AD25-2C39010104AF}.Debug|x64.ActiveCfg = Debug|x64
		{AFFBB2CF-3F1D-4C67-AD25-2C39010104AF}.Debug|x64.Build.0 = Debug|x64
		{AFFBB2CF-3F1D-4C67-AD25-2C39010104AF}.Profile|ARM.ActiveCfg = Release|x64
		{AFFBB2CF-3F1D-4C67-AD25-2C39010104AF}.Profile|ARM.Build.0 = Release|x64
		{AFFBB2CF-3F1D-4C67-AD25-2C39010104AF}.Profile|ARM64.ActiveCfg = Release|x64
		{AFFBB2CF-3F1D-4C67-AD25-2C39010104AF}.Profile|ARM64.Build.0 = Release|x64
		{AFFBB2CF-3F1D-4C67-AD25-2C39010104AF}.Profile|Win32.ActiveCfg = Release|Win32
		{AFFBB2CF-3F1D-4C67-AD25-2C39010104AF}.Profile|Win32.Build.0 = Release|Win32
		{AFFBB2CF-3F1D-4C67-AD25-2C39010104AF}.Profile|x64.ActiveCfg = Release|x64
		{AFFBB2CF-3F1D-4C67-AD25-2C39010104AF}.Profile|x64.Build.0 = Release|x64
		{AFFBB2CF-3F1D-4C67-AD25-2C39010104AF}.Release|ARM.ActiveCfg = Release|Win32
		{AFFBB2CF-3F1D-4C67-AD25-2C39010104AF}.Release|ARM64.ActiveCfg = Release|Win32
		{AFFBB2CF-3F1D-4C67-AD25-2C39010104AF}.Release|Win32.ActiveCfg = Release|Win32
		{AFFBB2CF-3F1D-4C67-AD25-2C39010104AF}.Release|Win32.Build.0 = Release|Win32
		{AFFBB2CF-3F1D-4C67-AD25-2C39010104AF}.Release|x64.ActiveCfg = Release|x64
		{AFFBB2CF-3F1D-4C67-AD25-2C39010104AF}.Release|x64.Build.0 = Release|x64
		{DF460EAB-570D-4B50-9089-2E2FC801BF38}.Debug|ARM.ActiveCfg = Debug|Win32
		{DF460EAB-570D-4B50-9089-2E2FC801BF38}.Debug|ARM64.ActiveCfg = Debug|Win32
		{DF460EAB-570D-4B50-9089-2E2FC801BF38}.Debug|Win32.ActiveCfg = Debug|Win32
		{DF460EAB-570D-4B50-9089-2E2FC801BF38}.Debug|Win32.Build.0 = Debug|Win32
		{DF460EAB-570D-4B50-9089-2E2FC801BF38}.Debug|x64.ActiveCfg = Debug|x64
		{DF460EAB-570D-4B50-9089-2E2FC801BF38}.Debug|x64.Build.0 = Debug|x64
		{DF460EAB-570D-4B50-9089-2E2FC801BF38}.Profile|ARM.ActiveCfg = Profile|Win32
		{DF460EAB-570D-4B50-9089-2E2FC801BF38}.Profile|ARM64.ActiveCfg = Profile|Win32
		{DF460EAB-570D-4B50-9089-2E2FC801BF38}.Profile|Win32.ActiveCfg = Profile|Win32
		{DF460EAB-570D-4B50-9089-2E2FC801BF38}.Profile|Win32.Build.0 = Profile|Win32
		{DF460EAB-570D-4B50-9089-2E2FC801BF38}.Profile|x64.ActiveCfg = Profile|x64
		{DF460EAB-570D-4B50-9089-2E2FC801BF38}.Profile|x64.Build.0 = Profile|x64
		{DF460EAB-570D-4B50-9089-2E2FC801BF38}.Release|ARM.ActiveCfg = Release|Win32
		{DF460EAB-570D-4B50-9089-2E2FC801BF38}.Release|ARM64.ActiveCfg = Release|Win32
		{DF460EAB-570D-4B50-9089-2E2FC801BF38}.Release|Win32.ActiveCfg = Release|Win32
		{DF460EAB-570D-4B50-9089-2E2FC801BF38}.Release|Win32.Build.0 = Release|Win32
		{DF460EAB-570D-4B50-9089-2E2FC801BF38}.Release|x64.ActiveCfg = Release|x64
		{DF460EAB-570D-4B50-9089-2E2FC801BF38}.Release|x64.Build.0 = Release|x64
	EndGlobalSection
	GlobalSection(SolutionProperties) = preSolution
		HideSolutionNode = FALSE
	EndGlobalSection
	GlobalSection(NestedProjects) = preSolution
		{685F9058-0508-465F-8241-7B18E04DE02C} = {5FE767E0-B2AD-411A-8398-3F0876F2691D}
		{717911CA-5A6B-4301-8F81-07E59DE3B8AC} = {5FE767E0-B2AD-411A-8398-3F0876F2691D}
		{03DE3FA1-540A-42E8-A21E-01E748C2CAD1} = {5FE767E0-B2AD-411A-8398-3F0876F2691D}
		{99CBE270-991B-4CE4-AA08-4C287B07C48F} = {5FE767E0-B2AD-411A-8398-3F0876F2691D}
		{F95BF8DF-852C-4E04-9D4C-3992A52A1EF1} = {5FE767E0-B2AD-411A-8398-3F0876F2691D}
		{8BE7704E-369F-4630-ADD8-AFCD72CA2D35} = {5FE767E0-B2AD-411A-8398-3F0876F2691D}
		{9C52397B-6015-4CCE-BCF6-5F6992125435} = {5FE767E0-B2AD-411A-8398-3F0876F2691D}
		{FEDE060E-F19D-4680-ACA0-C711E148EBE9} = {5FE767E0-B2AD-411A-8398-3F0876F2691D}
		{07EA6B92-803E-4B89-A9AF-D2943152EDD8} = {5FE767E0-B2AD-411A-8398-3F0876F2691D}
		{F8E7F942-5D8F-4304-810A-26A842748B50} = {5FE767E0-B2AD-411A-8398-3F0876F2691D}
		{AFFBB2CF-3F1D-4C67-AD25-2C39010104AF} = {5FE767E0-B2AD-411A-8398-3F0876F2691D}
	EndGlobalSection
	GlobalSection(ExtensibilityGlobals) = postSolution
		SolutionGuid = {5E5A70B2-EED8-4010-BE42-42B5D30F0282}
	EndGlobalSection
EndGlobal
